// !$*UTF8*$!
{
	archiveVersion = 1;
	classes = {
	};
	objectVersion = 77;
	objects = {

/* Begin PBXBuildFile section */
		E0054F922D7BB55100A26A71 /* BookListView.swift in Sources */ = {isa = PBXBuildFile; fileRef = E0054F802D7BB55100A26A71 /* BookListView.swift */; };
		E0054F932D7BB55100A26A71 /* ChapterListView.swift in Sources */ = {isa = PBXBuildFile; fileRef = E0054F812D7BB55100A26A71 /* ChapterListView.swift */; };
		E0054F942D7BB55100A26A71 /* ConcordanceView.swift in Sources */ = {isa = PBXBuildFile; fileRef = E0054F822D7BB55100A26A71 /* ConcordanceView.swift */; };
		E0054F952D7BB55100A26A71 /* ContentView.swift in Sources */ = {isa = PBXBuildFile; fileRef = E0054F832D7BB55100A26A71 /* ContentView.swift */; };
		E0054F962D7BB55100A26A71 /* SearchView.swift in Sources */ = {isa = PBXBuildFile; fileRef = E0054F852D7BB55100A26A71 /* SearchView.swift */; };
		E0054F972D7BB55100A26A71 /* SettingsView.swift in Sources */ = {isa = PBXBuildFile; fileRef = E0054F862D7BB55100A26A71 /* SettingsView.swift */; };
		E0054F982D7BB55100A26A71 /* TaglineCarouselView.swift in Sources */ = {isa = PBXBuildFile; fileRef = E0054F872D7BB55100A26A71 /* TaglineCarouselView.swift */; };
		E0054F9B2D7BB55100A26A71 /* VerseListView.swift in Sources */ = {isa = PBXBuildFile; fileRef = E0054F8A2D7BB55100A26A71 /* VerseListView.swift */; };
		E0054FA12D7BFDF800A26A71 /* TranslationService.swift in Sources */ = {isa = PBXBuildFile; fileRef = E0054FA02D7BFDF700A26A71 /* TranslationService.swift */; };
		E0054FA72D7C0E3B00A26A71 /* SettingsViewModel.swift in Sources */ = {isa = PBXBuildFile; fileRef = E0054FA62D7C0E3300A26A71 /* SettingsViewModel.swift */; };
		E0054FA92D7C157000A26A71 /* VerseDetailView.swift in Sources */ = {isa = PBXBuildFile; fileRef = E0054FA82D7C157000A26A71 /* VerseDetailView.swift */; };
		E0054FB12D7C1CB300A26A71 /* Bookmarks.swift in Sources */ = {isa = PBXBuildFile; fileRef = E0054FB02D7C1CB100A26A71 /* Bookmarks.swift */; };
		E0054FB32D7C1CCB00A26A71 /* History.swift in Sources */ = {isa = PBXBuildFile; fileRef = E0054FB22D7C1CC800A26A71 /* History.swift */; };
		E0054FB82D7C1E2100A26A71 /* Extensions-Date+Time.swift in Sources */ = {isa = PBXBuildFile; fileRef = E0054FB72D7C1E1500A26A71 /* Extensions-Date+Time.swift */; };
		E0054FDA2D7CC57D00A26A71 /* VerseView.swift in Sources */ = {isa = PBXBuildFile; fileRef = E0054FD92D7CC57D00A26A71 /* VerseView.swift */; };
		E0054FDE2D7CC71F00A26A71 /* DownloadManagerView.swift in Sources */ = {isa = PBXBuildFile; fileRef = E0054FDD2D7CC71F00A26A71 /* DownloadManagerView.swift */; };
		E00893152E161977005E0F11 /* HighlightedVersesView.swift in Sources */ = {isa = PBXBuildFile; fileRef = E00893142E161970005E0F11 /* HighlightedVersesView.swift */; };
		E00893192E161B9B005E0F11 /* HighlightManager.swift in Sources */ = {isa = PBXBuildFile; fileRef = E00893182E161B95005E0F11 /* HighlightManager.swift */; };
		E00962732D827D97007677BD /* NotesView.swift in Sources */ = {isa = PBXBuildFile; fileRef = E00962722D827D94007677BD /* NotesView.swift */; };
		E009627F2D82C0EF007677BD /* LoadingView.swift in Sources */ = {isa = PBXBuildFile; fileRef = E009627E2D82C0EC007677BD /* LoadingView.swift */; };
		E00962812D82C102007677BD /* ErrorView.swift in Sources */ = {isa = PBXBuildFile; fileRef = E00962802D82C100007677BD /* ErrorView.swift */; };
		E00962832D83369A007677BD /* SearchResult.swift in Sources */ = {isa = PBXBuildFile; fileRef = E00962822D833695007677BD /* SearchResult.swift */; };
		E00962852D834ACD007677BD /* PreferenceKeys.swift in Sources */ = {isa = PBXBuildFile; fileRef = E00962842D834AC6007677BD /* PreferenceKeys.swift */; };
		E00962872D834EB4007677BD /* TranslationCard.swift in Sources */ = {isa = PBXBuildFile; fileRef = E00962862D834EAF007677BD /* TranslationCard.swift */; };
		E009628C2D8358FF007677BD /* NavigationManager.swift in Sources */ = {isa = PBXBuildFile; fileRef = E009628B2D8358F9007677BD /* NavigationManager.swift */; };
		E009628E2D835916007677BD /* MainView.swift in Sources */ = {isa = PBXBuildFile; fileRef = E009628D2D835913007677BD /* MainView.swift */; };
		E00962902D835966007677BD /* BibleData.swift in Sources */ = {isa = PBXBuildFile; fileRef = E009628F2D835963007677BD /* BibleData.swift */; };
		E00BC61D2D839B7D00D3BBCF /* TestamentPicker.swift in Sources */ = {isa = PBXBuildFile; fileRef = E00BC61C2D839B7400D3BBCF /* TestamentPicker.swift */; };
		E0196C372D9B3D2000A07E19 /* NotificationMessages.swift in Sources */ = {isa = PBXBuildFile; fileRef = E0196C362D9B3D1700A07E19 /* NotificationMessages.swift */; };
		E01A9DEC2DA87BB20000F4A3 /* RedLetterService.swift in Sources */ = {isa = PBXBuildFile; fileRef = E01A9DEB2DA87BAD0000F4A3 /* RedLetterService.swift */; };
		E03501EF2D7CFC9200FA380E /* DownloadManagerViewModel.swift in Sources */ = {isa = PBXBuildFile; fileRef = E03501ED2D7CFC9200FA380E /* DownloadManagerViewModel.swift */; };
		E03F55DF2EB9239F00423842 /* FullStory in Frameworks */ = {isa = PBXBuildFile; productRef = E03F55DE2EB9239F00423842 /* FullStory */; };
		E03F560A2EB924F400423842 /* AAVE_FS_DemoApp.swift in Sources */ = {isa = PBXBuildFile; fileRef = E03F56002EB924F400423842 /* AAVE_FS_DemoApp.swift */; };
		E03F560B2EB924F400423842 /* DemoAppDelegate.swift in Sources */ = {isa = PBXBuildFile; fileRef = E03F56012EB924F400423842 /* DemoAppDelegate.swift */; };
		E03F560C2EB924F400423842 /* ContentView.swift in Sources */ = {isa = PBXBuildFile; fileRef = E03F56022EB924F400423842 /* ContentView.swift */; };
		E03F560D2EB924F400423842 /* DemoDiagnostics.swift in Sources */ = {isa = PBXBuildFile; fileRef = E03F56032EB924F400423842 /* DemoDiagnostics.swift */; };
		E03F560E2EB924F400423842 /* Assets.xcassets in Resources */ = {isa = PBXBuildFile; fileRef = E03F56042EB924F400423842 /* Assets.xcassets */; };
		E040971D2D8C9CF40054BA3A /* HighlightColorPickerView.swift in Sources */ = {isa = PBXBuildFile; fileRef = E040971C2D8C9CEE0054BA3A /* HighlightColorPickerView.swift */; };
		E043E6CF2DB0065E002A114F /* VerseImageCreatorView.swift in Sources */ = {isa = PBXBuildFile; fileRef = E043E6CE2DB00653002A114F /* VerseImageCreatorView.swift */; };
		E04A93A32D7D2AA6006AC6E6 /* AboutView.swift in Sources */ = {isa = PBXBuildFile; fileRef = E04A93A22D7D2A9F006AC6E6 /* AboutView.swift */; };
		E04E0F9C2D93396D004C44A2 /* NotificationManager.swift in Sources */ = {isa = PBXBuildFile; fileRef = E04E0F9B2D933967004C44A2 /* NotificationManager.swift */; };
		E04E0F9E2D933985004C44A2 /* NotificationSettingsView.swift in Sources */ = {isa = PBXBuildFile; fileRef = E04E0F9D2D93397F004C44A2 /* NotificationSettingsView.swift */; };
		E04E0FA22D933C64004C44A2 /* AppState.swift in Sources */ = {isa = PBXBuildFile; fileRef = E04E0FA12D933C60004C44A2 /* AppState.swift */; };
		E04E15D32D85D938002EDE4A /* MoreView.swift in Sources */ = {isa = PBXBuildFile; fileRef = E04E15D22D85D932002EDE4A /* MoreView.swift */; };
		E04E15D52D85DA86002EDE4A /* VerseReference.swift in Sources */ = {isa = PBXBuildFile; fileRef = E04E15D42D85DA7E002EDE4A /* VerseReference.swift */; };
		E04E15D92D85F366002EDE4A /* VerseActionsOverlay.swift in Sources */ = {isa = PBXBuildFile; fileRef = E04E15D82D85F360002EDE4A /* VerseActionsOverlay.swift */; };
		E04E15DB2D85F37A002EDE4A /* CommentaryOverlay.swift in Sources */ = {isa = PBXBuildFile; fileRef = E04E15DA2D85F372002EDE4A /* CommentaryOverlay.swift */; };
		E04E15DD2D85F470002EDE4A /* ToolButton.swift in Sources */ = {isa = PBXBuildFile; fileRef = E04E15DC2D85F46C002EDE4A /* ToolButton.swift */; };
		E04E15DF2D85F567002EDE4A /* TranslationsView.swift in Sources */ = {isa = PBXBuildFile; fileRef = E04E15DE2D85F562002EDE4A /* TranslationsView.swift */; };
		E04E15E12D86059C002EDE4A /* NavigationModels.swift in Sources */ = {isa = PBXBuildFile; fileRef = E04E15E02D860598002EDE4A /* NavigationModels.swift */; };
		E04E15E52D8610E1002EDE4A /* ChapterNavigation.swift in Sources */ = {isa = PBXBuildFile; fileRef = E04E15E42D8610DD002EDE4A /* ChapterNavigation.swift */; };
		E04E171A2D87C57E002EDE4A /* MultiVerseActionsOverlay.swift in Sources */ = {isa = PBXBuildFile; fileRef = E04E17192D87C577002EDE4A /* MultiVerseActionsOverlay.swift */; };
		E04E171C2D87C59A002EDE4A /* BibleNavigationHeader.swift in Sources */ = {isa = PBXBuildFile; fileRef = E04E171B2D87C593002EDE4A /* BibleNavigationHeader.swift */; };
		E04E171E2D87C5C6002EDE4A /* BookChapterPickerView.swift in Sources */ = {isa = PBXBuildFile; fileRef = E04E171D2D87C5C0002EDE4A /* BookChapterPickerView.swift */; };
		E04E17222D87C733002EDE4A /* VerseofDaySettingsView.swift in Sources */ = {isa = PBXBuildFile; fileRef = E04E17212D87C72B002EDE4A /* VerseofDaySettingsView.swift */; };
		E04E17272D87CBC8002EDE4A /* CreditsView.swift in Sources */ = {isa = PBXBuildFile; fileRef = E04E17262D87CBC5002EDE4A /* CreditsView.swift */; };
		E04E17292D87DC11002EDE4A /* VerseRow.swift in Sources */ = {isa = PBXBuildFile; fileRef = E04E17282D87DC0E002EDE4A /* VerseRow.swift */; };
		E04E172B2D87DC27002EDE4A /* ChapterNavigationHeader.swift in Sources */ = {isa = PBXBuildFile; fileRef = E04E172A2D87DC21002EDE4A /* ChapterNavigationHeader.swift */; };
		E04E172D2D87DC62002EDE4A /* VerseListViewModel.swift in Sources */ = {isa = PBXBuildFile; fileRef = E04E172C2D87DC5D002EDE4A /* VerseListViewModel.swift */; };
		E04E17332D87E178002EDE4A /* ActionButton.swift in Sources */ = {isa = PBXBuildFile; fileRef = E04E17322D87E172002EDE4A /* ActionButton.swift */; };
		E04E17362D87E23C002EDE4A /* BibleBooks.swift in Sources */ = {isa = PBXBuildFile; fileRef = E04E17352D87E238002EDE4A /* BibleBooks.swift */; };
		E0534B672DC2A3FB0038651E /* AppleAuthManager.swift in Sources */ = {isa = PBXBuildFile; fileRef = E0534B662DC2A3E90038651E /* AppleAuthManager.swift */; };
		E0534B692DC2A4F10038651E /* UsernamePromptView.swift in Sources */ = {isa = PBXBuildFile; fileRef = E0534B682DC2A4ED0038651E /* UsernamePromptView.swift */; };
		E05A4D852D7D0E270091AA66 /* UserDataManager.swift in Sources */ = {isa = PBXBuildFile; fileRef = E05A4D832D7D0E270091AA66 /* UserDataManager.swift */; };
		E05A4D862D7D0E270091AA66 /* BibleAPIService.swift in Sources */ = {isa = PBXBuildFile; fileRef = E05A4D822D7D0E270091AA66 /* BibleAPIService.swift */; };
		E05A4D872D7D0E270091AA66 /* APIConfig.swift in Sources */ = {isa = PBXBuildFile; fileRef = E05A4D812D7D0E270091AA66 /* APIConfig.swift */; };
		E077B9632DB9E13E0072C19F /* JesusQuotes.swift in Sources */ = {isa = PBXBuildFile; fileRef = E077B9622DB9E1360072C19F /* JesusQuotes.swift */; };
		E077B9682DB9F32B0072C19F /* FirebaseAnalytics in Frameworks */ = {isa = PBXBuildFile; productRef = E077B9672DB9F32B0072C19F /* FirebaseAnalytics */; };
		E077B96A2DB9F5BA0072C19F /* FirebaseAuthManager.swift in Sources */ = {isa = PBXBuildFile; fileRef = E077B9692DB9F5B40072C19F /* FirebaseAuthManager.swift */; };
		E077B96C2DB9F5D50072C19F /* FirestoreService.swift in Sources */ = {isa = PBXBuildFile; fileRef = E077B96B2DB9F5CB0072C19F /* FirestoreService.swift */; };
		E077B96F2DB9F8F40072C19F /* FirebaseAuth in Frameworks */ = {isa = PBXBuildFile; productRef = E077B96E2DB9F8F40072C19F /* FirebaseAuth */; };
		E077B9712DB9F9210072C19F /* FirebaseFirestore in Frameworks */ = {isa = PBXBuildFile; productRef = E077B9702DB9F9210072C19F /* FirebaseFirestore */; };
		E077B9732DB9F9520072C19F /* FirebaseCore in Frameworks */ = {isa = PBXBuildFile; productRef = E077B9722DB9F9520072C19F /* FirebaseCore */; };
		E077B9752DB9F9B70072C19F /* QuizScoreLogger.swift in Sources */ = {isa = PBXBuildFile; fileRef = E077B9742DB9F9B30072C19F /* QuizScoreLogger.swift */; };
		E077B9772DB9F9EC0072C19F /* LeaderboardService.swift in Sources */ = {isa = PBXBuildFile; fileRef = E077B9762DB9F9E50072C19F /* LeaderboardService.swift */; };
		E077B9792DB9FA0B0072C19F /* LeaderboardView.swift in Sources */ = {isa = PBXBuildFile; fileRef = E077B9782DB9FA060072C19F /* LeaderboardView.swift */; };
		E077B97B2DBD71650072C19F /* QuizQuestionModel.swift in Sources */ = {isa = PBXBuildFile; fileRef = E077B97A2DBD715E0072C19F /* QuizQuestionModel.swift */; };
		E077B97D2DBD71D20072C19F /* QuizData.swift in Sources */ = {isa = PBXBuildFile; fileRef = E077B97C2DBD71CE0072C19F /* QuizData.swift */; };
		E077B97F2DBD71F50072C19F /* QuizView.swift in Sources */ = {isa = PBXBuildFile; fileRef = E077B97E2DBD71EC0072C19F /* QuizView.swift */; };
		E077B9812DBD74A00072C19F /* QuizResultView.swift in Sources */ = {isa = PBXBuildFile; fileRef = E077B9802DBD749B0072C19F /* QuizResultView.swift */; };
		E077B9832DBD7F530072C19F /* QuizSplashView.swift in Sources */ = {isa = PBXBuildFile; fileRef = E077B9822DBD7F4B0072C19F /* QuizSplashView.swift */; };
		E077B9862DC288210072C19F /* FirebaseMessaging in Frameworks */ = {isa = PBXBuildFile; productRef = E077B9852DC288210072C19F /* FirebaseMessaging */; };
		E089B5EF2D7D616000255567 /* NetworkMonitor.swift in Sources */ = {isa = PBXBuildFile; fileRef = E089B5EE2D7D616000255567 /* NetworkMonitor.swift */; };
		E0914E9D2DA8736F00C463DB /* ConfettiView.swift in Sources */ = {isa = PBXBuildFile; fileRef = E0914E9C2DA8736B00C463DB /* ConfettiView.swift */; };
		E09A7EC42E69FBB8009BB9F0 /* OnboardingView.swift in Sources */ = {isa = PBXBuildFile; fileRef = E09A7EC32E69FBA5009BB9F0 /* OnboardingView.swift */; };
		E0A3E0472D9257F80022115A /* BookmarkView.swift in Sources */ = {isa = PBXBuildFile; fileRef = E0A3E0462D9257F80022115A /* BookmarkView.swift */; };
		E0D29A0D2D8B13620057EE2B /* UnifiedBottomToolbar.swift in Sources */ = {isa = PBXBuildFile; fileRef = E0D29A0C2D8B135B0057EE2B /* UnifiedBottomToolbar.swift */; };
		E0D29A0F2D8B20CC0057EE2B /* RoundedCorner.swift in Sources */ = {isa = PBXBuildFile; fileRef = E0D29A0E2D8B20C40057EE2B /* RoundedCorner.swift */; };
		E0D74C872D8A291B00A8D279 /* AAVETextView.swift in Sources */ = {isa = PBXBuildFile; fileRef = E0D74C862D8A291400A8D279 /* AAVETextView.swift */; };
		E0D74C892D8A29D100A8D279 /* UIColor+DynamicColors.swift in Sources */ = {isa = PBXBuildFile; fileRef = E0D74C882D8A29C800A8D279 /* UIColor+DynamicColors.swift */; };
		E0D74C8B2D8A303B00A8D279 /* SplashView.swift in Sources */ = {isa = PBXBuildFile; fileRef = E0D74C8A2D8A303800A8D279 /* SplashView.swift */; };
		E0DCC51E2D7D76940061F222 /* VerseManager.swift in Sources */ = {isa = PBXBuildFile; fileRef = E0DCC51D2D7D76910061F222 /* VerseManager.swift */; };
		E0DCC5212D7E020F0061F222 /* BibleModels.swift in Sources */ = {isa = PBXBuildFile; fileRef = E0DCC5202D7E020F0061F222 /* BibleModels.swift */; };
		E0DCC5252D7E06240061F222 /* ShareSheet.swift in Sources */ = {isa = PBXBuildFile; fileRef = E0DCC5242D7E061F0061F222 /* ShareSheet.swift */; };
		E0DCC52D2D7E0B160061F222 /* LaunchViewModel.swift in Sources */ = {isa = PBXBuildFile; fileRef = E0DCC52C2D7E0B110061F222 /* LaunchViewModel.swift */; };
		E0DCC5312D7E16CD0061F222 /* ChapterButton.swift in Sources */ = {isa = PBXBuildFile; fileRef = E0DCC5302D7E16C80061F222 /* ChapterButton.swift */; };
		E0DCC5332D7E18D60061F222 /* HomeView.swift in Sources */ = {isa = PBXBuildFile; fileRef = E0DCC5322D7E18D30061F222 /* HomeView.swift */; };
		E0E071D22D890F5800BFB93E /* Assets 2.xcassets in Resources */ = {isa = PBXBuildFile; fileRef = E0E071D12D890F5800BFB93E /* Assets 2.xcassets */; };
		E0E071D82D8913EC00BFB93E /* MultiSelectBottomToolbar.swift in Sources */ = {isa = PBXBuildFile; fileRef = E0E071D72D8913E100BFB93E /* MultiSelectBottomToolbar.swift */; };
		E0F415BA2D813630000A4C7E /* CommentaryView.swift in Sources */ = {isa = PBXBuildFile; fileRef = E0F415B92D81362C000A4C7E /* CommentaryView.swift */; };
		E0F415C02D825C1D000A4C7E /* VerseCard.swift in Sources */ = {isa = PBXBuildFile; fileRef = E0F415BF2D825C19000A4C7E /* VerseCard.swift */; };
		E0F415C22D825C87000A4C7E /* VerseDetailSheet.swift in Sources */ = {isa = PBXBuildFile; fileRef = E0F415C12D825C82000A4C7E /* VerseDetailSheet.swift */; };
		E0F415CA2D825FAD000A4C7E /* VerseModels.swift in Sources */ = {isa = PBXBuildFile; fileRef = E0F415C92D825FA9000A4C7E /* VerseModels.swift */; };
		E0F4B1102F5C5BB100ABCD01 /* FSBridge.swift in Sources */ = {isa = PBXBuildFile; fileRef = E0F4B1002F5C5BB100ABCD01 /* FSBridge.swift */; };
		E0F4B1112F5C5BB100ABCD01 /* HomeView.swift in Sources */ = {isa = PBXBuildFile; fileRef = E0F4B1012F5C5BB100ABCD01 /* HomeView.swift */; };
		E0F4B1122F5C5BB100ABCD01 /* LoginView.swift in Sources */ = {isa = PBXBuildFile; fileRef = E0F4B1022F5C5BB100ABCD01 /* LoginView.swift */; };
		E0F4B1132F5C5BB100ABCD01 /* SettingsView.swift in Sources */ = {isa = PBXBuildFile; fileRef = E0F4B1032F5C5BB100ABCD01 /* SettingsView.swift */; };
		E0FAC5252F202B1F00A190AA /* WidgetKit.framework in Frameworks */ = {isa = PBXBuildFile; fileRef = E0FAC5242F202B1F00A190AA /* WidgetKit.framework */; };
		E0FAC5272F202B1F00A190AA /* SwiftUI.framework in Frameworks */ = {isa = PBXBuildFile; fileRef = E0FAC5262F202B1F00A190AA /* SwiftUI.framework */; };
		E0FAC5382F202B2000A190AA /* AAVEBibleLiveActivitiesExtension.appex in Embed Foundation Extensions */ = {isa = PBXBuildFile; fileRef = E0FAC5232F202B1F00A190AA /* AAVEBibleLiveActivitiesExtension.appex */; settings = {ATTRIBUTES = (RemoveHeadersOnCopy, ); }; };
		E0FFF0012FFE1234000ABCDE /* QuizQuestionRepository.swift in Sources */ = {isa = PBXBuildFile; fileRef = E0FFF0002FFE1234000ABCDE /* QuizQuestionRepository.swift */; };
		E0FFF0212FFE4567000ABCDE /* QuizGameViewModel.swift in Sources */ = {isa = PBXBuildFile; fileRef = E0FFF0202FFE4567000ABCDE /* QuizGameViewModel.swift */; };
		E1A0AA012F00000100000011 /* AchievementService.swift in Sources */ = {isa = PBXBuildFile; fileRef = E1A0AA012F00000100000001 /* AchievementService.swift */; };
		E1A0AA012F00000100000012 /* ReadingProgressService.swift in Sources */ = {isa = PBXBuildFile; fileRef = E1A0AA012F00000100000002 /* ReadingProgressService.swift */; };
		E1A0AA012F00000100000013 /* AchievementsView.swift in Sources */ = {isa = PBXBuildFile; fileRef = E1A0AA012F00000100000003 /* AchievementsView.swift */; };
		E1A0AA012F00000100000014 /* StreakCard.swift in Sources */ = {isa = PBXBuildFile; fileRef = E1A0AA012F00000100000004 /* StreakCard.swift */; };
		E1A0AA012F00000100000015 /* ReadingProgressDebugView.swift in Sources */ = {isa = PBXBuildFile; fileRef = E1A0AA012F00000100000005 /* ReadingProgressDebugView.swift */; };
		E1A0AA012F00000100000021 /* UserProfilePreferences.swift in Sources */ = {isa = PBXBuildFile; fileRef = E1A0AA012F00000100000031 /* UserProfilePreferences.swift */; };
		E1A0AA012F00000100000022 /* Onboarding/OnboardingFlowView.swift in Sources */ = {isa = PBXBuildFile; fileRef = E1A0AA012F00000100000032 /* Onboarding/OnboardingFlowView.swift */; };
		E1A0AA012F00000100000023 /* Onboarding/OnboardingStep.swift in Sources */ = {isa = PBXBuildFile; fileRef = E1A0AA012F00000100000033 /* Onboarding/OnboardingStep.swift */; };
		E1A0AA012F00000100000024 /* Onboarding/OnboardingViewModel.swift in Sources */ = {isa = PBXBuildFile; fileRef = E1A0AA012F00000100000034 /* Onboarding/OnboardingViewModel.swift */; };
		E1A0AA012F00000100000025 /* Onboarding/OnboardingTokens.swift in Sources */ = {isa = PBXBuildFile; fileRef = E1A0AA012F00000100000035 /* Onboarding/OnboardingTokens.swift */; };
		E1A0AA012F00000100000026 /* AchievementShareCardView.swift in Sources */ = {isa = PBXBuildFile; fileRef = E1A0AA012F00000100000036 /* AchievementShareCardView.swift */; };
		E1A0AA012F00000100000027 /* AchievementUnlockToastView.swift in Sources */ = {isa = PBXBuildFile; fileRef = E1A0AA012F00000100000037 /* AchievementUnlockToastView.swift */; };
		E1B0AA012F10000100000011 /* ProfileView.swift in Sources */ = {isa = PBXBuildFile; fileRef = E1B0AA012F10000100000001 /* ProfileView.swift */; };
		E1C0AA012F20000100000001 /* DailyVerseAttributes.swift in Sources */ = {isa = PBXBuildFile; fileRef = E1C0AA012F20000100000011 /* DailyVerseAttributes.swift */; };
		E1C0AA012F20000100000002 /* DailyVerseLiveActivityManager.swift in Sources */ = {isa = PBXBuildFile; fileRef = E1C0AA012F20000100000012 /* DailyVerseLiveActivityManager.swift */; };
		E1C0AA012F20000100000003 /* VerseOfDayProvider.swift in Sources */ = {isa = PBXBuildFile; fileRef = E1C0AA012F20000100000013 /* VerseOfDayProvider.swift */; };
		E1C0AA012F20000100000004 /* LiveActivityDebug.swift in Sources */ = {isa = PBXBuildFile; fileRef = E1C0AA012F20000100000014 /* LiveActivityDebug.swift */; };
		E1C0AA012F20000100000005 /* DailyVerseAttributes.swift in Sources (Extension) */ = {isa = PBXBuildFile; fileRef = E1C0AA012F20000100000011 /* DailyVerseAttributes.swift */; };
		E1C0AA012F20000100000006 /* VerseVersion.swift in Sources */ = {isa = PBXBuildFile; fileRef = E1C0AA012F20000100000015 /* VerseVersion.swift */; };
		E1C0AA012F20000100000007 /* ScriptureStore.swift in Sources */ = {isa = PBXBuildFile; fileRef = E1C0AA012F20000100000016 /* ScriptureStore.swift */; };
/* End PBXBuildFile section */

/* Begin PBXContainerItemProxy section */
		E0054FD22D7CC38400A26A71 /* PBXContainerItemProxy */ = {
			isa = PBXContainerItemProxy;
			containerPortal = E04B08232D7A69990022E2DB /* Project object */;
			proxyType = 1;
			remoteGlobalIDString = E04B082A2D7A69990022E2DB;
			remoteInfo = "AAVE Bible Concordance";
		};
		E0FAC5362F202B2000A190AA /* PBXContainerItemProxy */ = {
			isa = PBXContainerItemProxy;
			containerPortal = E04B08232D7A69990022E2DB /* Project object */;
			proxyType = 1;
			remoteGlobalIDString = E0FAC5222F202B1F00A190AA;
			remoteInfo = AAVEBibleLiveActivitiesExtension;
		};
/* End PBXContainerItemProxy section */

/* Begin PBXCopyFilesBuildPhase section */
		E0FAC5392F202B2000A190AA /* Embed Foundation Extensions */ = {
			isa = PBXCopyFilesBuildPhase;
			buildActionMask = 2147483647;
			dstPath = "";
			dstSubfolderSpec = 13;
			files = (
				E0FAC5382F202B2000A190AA /* AAVEBibleLiveActivitiesExtension.appex in Embed Foundation Extensions */,
			);
			name = "Embed Foundation Extensions";
			runOnlyForDeploymentPostprocessing = 0;
		};
/* End PBXCopyFilesBuildPhase section */

/* Begin PBXFileReference section */
		E0054F802D7BB55100A26A71 /* BookListView.swift */ = {isa = PBXFileReference; lastKnownFileType = sourcecode.swift; path = BookListView.swift; sourceTree = "<group>"; };
		E0054F812D7BB55100A26A71 /* ChapterListView.swift */ = {isa = PBXFileReference; lastKnownFileType = sourcecode.swift; path = ChapterListView.swift; sourceTree = "<group>"; };
		E0054F822D7BB55100A26A71 /* ConcordanceView.swift */ = {isa = PBXFileReference; lastKnownFileType = sourcecode.swift; path = ConcordanceView.swift; sourceTree = "<group>"; };
		E0054F832D7BB55100A26A71 /* ContentView.swift */ = {isa = PBXFileReference; lastKnownFileType = sourcecode.swift; path = ContentView.swift; sourceTree = "<group>"; };
		E0054F852D7BB55100A26A71 /* SearchView.swift */ = {isa = PBXFileReference; lastKnownFileType = sourcecode.swift; path = SearchView.swift; sourceTree = "<group>"; };
		E0054F862D7BB55100A26A71 /* SettingsView.swift */ = {isa = PBXFileReference; lastKnownFileType = sourcecode.swift; path = SettingsView.swift; sourceTree = "<group>"; };
		E0054F872D7BB55100A26A71 /* TaglineCarouselView.swift */ = {isa = PBXFileReference; lastKnownFileType = sourcecode.swift; path = TaglineCarouselView.swift; sourceTree = "<group>"; };
		E0054F8A2D7BB55100A26A71 /* VerseListView.swift */ = {isa = PBXFileReference; lastKnownFileType = sourcecode.swift; path = VerseListView.swift; sourceTree = "<group>"; };
		E0054FA02D7BFDF700A26A71 /* TranslationService.swift */ = {isa = PBXFileReference; lastKnownFileType = sourcecode.swift; path = TranslationService.swift; sourceTree = "<group>"; };
		E0054FA62D7C0E3300A26A71 /* SettingsViewModel.swift */ = {isa = PBXFileReference; lastKnownFileType = sourcecode.swift; path = SettingsViewModel.swift; sourceTree = "<group>"; };
		E0054FA82D7C157000A26A71 /* VerseDetailView.swift */ = {isa = PBXFileReference; lastKnownFileType = sourcecode.swift; path = VerseDetailView.swift; sourceTree = "<group>"; };
		E0054FB02D7C1CB100A26A71 /* Bookmarks.swift */ = {isa = PBXFileReference; lastKnownFileType = sourcecode.swift; path = Bookmarks.swift; sourceTree = "<group>"; };
		E0054FB22D7C1CC800A26A71 /* History.swift */ = {isa = PBXFileReference; lastKnownFileType = sourcecode.swift; path = History.swift; sourceTree = "<group>"; };
		E0054FB72D7C1E1500A26A71 /* Extensions-Date+Time.swift */ = {isa = PBXFileReference; lastKnownFileType = sourcecode.swift; path = "Extensions-Date+Time.swift"; sourceTree = "<group>"; };
		E0054FCE2D7CC38300A26A71 /* AAVE Bible ConcordanceTests.xctest */ = {isa = PBXFileReference; explicitFileType = wrapper.cfbundle; includeInIndex = 0; path = "AAVE Bible ConcordanceTests.xctest"; sourceTree = BUILT_PRODUCTS_DIR; };
		E0054FD92D7CC57D00A26A71 /* VerseView.swift */ = {isa = PBXFileReference; lastKnownFileType = sourcecode.swift; path = VerseView.swift; sourceTree = "<group>"; };
		E0054FDD2D7CC71F00A26A71 /* DownloadManagerView.swift */ = {isa = PBXFileReference; lastKnownFileType = sourcecode.swift; path = DownloadManagerView.swift; sourceTree = "<group>"; };
		E00893142E161970005E0F11 /* HighlightedVersesView.swift */ = {isa = PBXFileReference; lastKnownFileType = sourcecode.swift; path = HighlightedVersesView.swift; sourceTree = "<group>"; };
		E00893182E161B95005E0F11 /* HighlightManager.swift */ = {isa = PBXFileReference; lastKnownFileType = sourcecode.swift; path = HighlightManager.swift; sourceTree = "<group>"; };
		E00962722D827D94007677BD /* NotesView.swift */ = {isa = PBXFileReference; lastKnownFileType = sourcecode.swift; path = NotesView.swift; sourceTree = "<group>"; };
		E009627E2D82C0EC007677BD /* LoadingView.swift */ = {isa = PBXFileReference; lastKnownFileType = sourcecode.swift; path = LoadingView.swift; sourceTree = "<group>"; };
		E00962802D82C100007677BD /* ErrorView.swift */ = {isa = PBXFileReference; lastKnownFileType = sourcecode.swift; path = ErrorView.swift; sourceTree = "<group>"; };
		E00962822D833695007677BD /* SearchResult.swift */ = {isa = PBXFileReference; lastKnownFileType = sourcecode.swift; path = SearchResult.swift; sourceTree = "<group>"; };
		E00962842D834AC6007677BD /* PreferenceKeys.swift */ = {isa = PBXFileReference; lastKnownFileType = sourcecode.swift; path = PreferenceKeys.swift; sourceTree = "<group>"; };
		E00962862D834EAF007677BD /* TranslationCard.swift */ = {isa = PBXFileReference; lastKnownFileType = sourcecode.swift; path = TranslationCard.swift; sourceTree = "<group>"; };
		E009628B2D8358F9007677BD /* NavigationManager.swift */ = {isa = PBXFileReference; lastKnownFileType = sourcecode.swift; path = NavigationManager.swift; sourceTree = "<group>"; };
		E009628D2D835913007677BD /* MainView.swift */ = {isa = PBXFileReference; lastKnownFileType = sourcecode.swift; path = MainView.swift; sourceTree = "<group>"; };
		E009628F2D835963007677BD /* BibleData.swift */ = {isa = PBXFileReference; lastKnownFileType = sourcecode.swift; path = BibleData.swift; sourceTree = "<group>"; };
		E00BC61C2D839B7400D3BBCF /* TestamentPicker.swift */ = {isa = PBXFileReference; lastKnownFileType = sourcecode.swift; path = TestamentPicker.swift; sourceTree = "<group>"; };
		E0196C362D9B3D1700A07E19 /* NotificationMessages.swift */ = {isa = PBXFileReference; lastKnownFileType = sourcecode.swift; path = NotificationMessages.swift; sourceTree = "<group>"; };
		E01A9DEB2DA87BAD0000F4A3 /* RedLetterService.swift */ = {isa = PBXFileReference; lastKnownFileType = sourcecode.swift; path = RedLetterService.swift; sourceTree = "<group>"; };
		E03501ED2D7CFC9200FA380E /* DownloadManagerViewModel.swift */ = {isa = PBXFileReference; lastKnownFileType = sourcecode.swift; path = DownloadManagerViewModel.swift; sourceTree = "<group>"; };
		E03F55CA2EB9236000423842 /* AAVE FS Demo.app */ = {isa = PBXFileReference; explicitFileType = wrapper.application; includeInIndex = 0; path = "AAVE FS Demo.app"; sourceTree = BUILT_PRODUCTS_DIR; };
		E03F56002EB924F400423842 /* AAVE_FS_DemoApp.swift */ = {isa = PBXFileReference; lastKnownFileType = sourcecode.swift; path = AAVE_FS_DemoApp.swift; sourceTree = "<group>"; };
		E03F56012EB924F400423842 /* DemoAppDelegate.swift */ = {isa = PBXFileReference; lastKnownFileType = sourcecode.swift; path = DemoAppDelegate.swift; sourceTree = "<group>"; };
		E03F56022EB924F400423842 /* ContentView.swift */ = {isa = PBXFileReference; lastKnownFileType = sourcecode.swift; path = ContentView.swift; sourceTree = "<group>"; };
		E03F56032EB924F400423842 /* DemoDiagnostics.swift */ = {isa = PBXFileReference; lastKnownFileType = sourcecode.swift; path = DemoDiagnostics.swift; sourceTree = "<group>"; };
		E03F56042EB924F400423842 /* Assets.xcassets */ = {isa = PBXFileReference; lastKnownFileType = folder.assetcatalog; path = Assets.xcassets; sourceTree = "<group>"; };
		E03F56052EB924F400423842 /* FullStory.json */ = {isa = PBXFileReference; lastKnownFileType = text.json; path = FullStory.json; sourceTree = "<group>"; };
		E03F56062EB924F400423842 /* Info.plist */ = {isa = PBXFileReference; lastKnownFileType = text.plist.xml; path = Info.plist; sourceTree = "<group>"; };
		E03F56072EB924F400423842 /* README.md */ = {isa = PBXFileReference; lastKnownFileType = net.daringfireball.markdown; path = README.md; sourceTree = "<group>"; };
		E040971C2D8C9CEE0054BA3A /* HighlightColorPickerView.swift */ = {isa = PBXFileReference; lastKnownFileType = sourcecode.swift; path = HighlightColorPickerView.swift; sourceTree = "<group>"; };
		E043E6CE2DB00653002A114F /* VerseImageCreatorView.swift */ = {isa = PBXFileReference; lastKnownFileType = sourcecode.swift; path = VerseImageCreatorView.swift; sourceTree = "<group>"; };
		E04A93A22D7D2A9F006AC6E6 /* AboutView.swift */ = {isa = PBXFileReference; lastKnownFileType = sourcecode.swift; path = AboutView.swift; sourceTree = "<group>"; };
		E04B082B2D7A69990022E2DB /* AAVE Bible Concordance.app */ = {isa = PBXFileReference; explicitFileType = wrapper.application; includeInIndex = 0; path = "AAVE Bible Concordance.app"; sourceTree = BUILT_PRODUCTS_DIR; };
		E04E0F9B2D933967004C44A2 /* NotificationManager.swift */ = {isa = PBXFileReference; lastKnownFileType = sourcecode.swift; path = NotificationManager.swift; sourceTree = "<group>"; };
		E04E0F9D2D93397F004C44A2 /* NotificationSettingsView.swift */ = {isa = PBXFileReference; lastKnownFileType = sourcecode.swift; path = NotificationSettingsView.swift; sourceTree = "<group>"; };
		E04E0FA12D933C60004C44A2 /* AppState.swift */ = {isa = PBXFileReference; lastKnownFileType = sourcecode.swift; path = AppState.swift; sourceTree = "<group>"; };
		E04E15D22D85D932002EDE4A /* MoreView.swift */ = {isa = PBXFileReference; lastKnownFileType = sourcecode.swift; path = MoreView.swift; sourceTree = "<group>"; };
		E04E15D42D85DA7E002EDE4A /* VerseReference.swift */ = {isa = PBXFileReference; lastKnownFileType = sourcecode.swift; path = VerseReference.swift; sourceTree = "<group>"; };
		E04E15D82D85F360002EDE4A /* VerseActionsOverlay.swift */ = {isa = PBXFileReference; lastKnownFileType = sourcecode.swift; path = VerseActionsOverlay.swift; sourceTree = "<group>"; };
		E04E15DA2D85F372002EDE4A /* CommentaryOverlay.swift */ = {isa = PBXFileReference; lastKnownFileType = sourcecode.swift; path = CommentaryOverlay.swift; sourceTree = "<group>"; };
		E04E15DC2D85F46C002EDE4A /* ToolButton.swift */ = {isa = PBXFileReference; lastKnownFileType = sourcecode.swift; path = ToolButton.swift; sourceTree = "<group>"; };
		E04E15DE2D85F562002EDE4A /* TranslationsView.swift */ = {isa = PBXFileReference; lastKnownFileType = sourcecode.swift; path = TranslationsView.swift; sourceTree = "<group>"; };
		E04E15E02D860598002EDE4A /* NavigationModels.swift */ = {isa = PBXFileReference; lastKnownFileType = sourcecode.swift; path = NavigationModels.swift; sourceTree = "<group>"; };
		E04E15E42D8610DD002EDE4A /* ChapterNavigation.swift */ = {isa = PBXFileReference; lastKnownFileType = sourcecode.swift; path = ChapterNavigation.swift; sourceTree = "<group>"; };
		E04E17192D87C577002EDE4A /* MultiVerseActionsOverlay.swift */ = {isa = PBXFileReference; lastKnownFileType = sourcecode.swift; path = MultiVerseActionsOverlay.swift; sourceTree = "<group>"; };
		E04E171B2D87C593002EDE4A /* BibleNavigationHeader.swift */ = {isa = PBXFileReference; lastKnownFileType = sourcecode.swift; path = BibleNavigationHeader.swift; sourceTree = "<group>"; };
		E04E171D2D87C5C0002EDE4A /* BookChapterPickerView.swift */ = {isa = PBXFileReference; lastKnownFileType = sourcecode.swift; path = BookChapterPickerView.swift; sourceTree = "<group>"; };
		E04E17212D87C72B002EDE4A /* VerseofDaySettingsView.swift */ = {isa = PBXFileReference; lastKnownFileType = sourcecode.swift; path = VerseofDaySettingsView.swift; sourceTree = "<group>"; };
		E04E17262D87CBC5002EDE4A /* CreditsView.swift */ = {isa = PBXFileReference; lastKnownFileType = sourcecode.swift; path = CreditsView.swift; sourceTree = "<group>"; };
		E04E17282D87DC0E002EDE4A /* VerseRow.swift */ = {isa = PBXFileReference; lastKnownFileType = sourcecode.swift; path = VerseRow.swift; sourceTree = "<group>"; };
		E04E172A2D87DC21002EDE4A /* ChapterNavigationHeader.swift */ = {isa = PBXFileReference; lastKnownFileType = sourcecode.swift; path = ChapterNavigationHeader.swift; sourceTree = "<group>"; };
		E04E172C2D87DC5D002EDE4A /* VerseListViewModel.swift */ = {isa = PBXFileReference; lastKnownFileType = sourcecode.swift; path = VerseListViewModel.swift; sourceTree = "<group>"; };
		E04E17322D87E172002EDE4A /* ActionButton.swift */ = {isa = PBXFileReference; lastKnownFileType = sourcecode.swift; path = ActionButton.swift; sourceTree = "<group>"; };
		E04E17352D87E238002EDE4A /* BibleBooks.swift */ = {isa = PBXFileReference; lastKnownFileType = sourcecode.swift; path = BibleBooks.swift; sourceTree = "<group>"; };
		E0534B662DC2A3E90038651E /* AppleAuthManager.swift */ = {isa = PBXFileReference; lastKnownFileType = sourcecode.swift; path = AppleAuthManager.swift; sourceTree = "<group>"; };
		E0534B682DC2A4ED0038651E /* UsernamePromptView.swift */ = {isa = PBXFileReference; lastKnownFileType = sourcecode.swift; path = UsernamePromptView.swift; sourceTree = "<group>"; };
		E05A4D812D7D0E270091AA66 /* APIConfig.swift */ = {isa = PBXFileReference; lastKnownFileType = sourcecode.swift; path = APIConfig.swift; sourceTree = "<group>"; };
		E05A4D822D7D0E270091AA66 /* BibleAPIService.swift */ = {isa = PBXFileReference; lastKnownFileType = sourcecode.swift; path = BibleAPIService.swift; sourceTree = "<group>"; };
		E05A4D832D7D0E270091AA66 /* UserDataManager.swift */ = {isa = PBXFileReference; lastKnownFileType = sourcecode.swift; path = UserDataManager.swift; sourceTree = "<group>"; };
		E077B9622DB9E1360072C19F /* JesusQuotes.swift */ = {isa = PBXFileReference; lastKnownFileType = sourcecode.swift; path = JesusQuotes.swift; sourceTree = "<group>"; };
		E077B9692DB9F5B40072C19F /* FirebaseAuthManager.swift */ = {isa = PBXFileReference; lastKnownFileType = sourcecode.swift; path = FirebaseAuthManager.swift; sourceTree = "<group>"; };
		E077B96B2DB9F5CB0072C19F /* FirestoreService.swift */ = {isa = PBXFileReference; lastKnownFileType = sourcecode.swift; path = FirestoreService.swift; sourceTree = "<group>"; };
		E077B9742DB9F9B30072C19F /* QuizScoreLogger.swift */ = {isa = PBXFileReference; lastKnownFileType = sourcecode.swift; path = QuizScoreLogger.swift; sourceTree = "<group>"; };
		E077B9762DB9F9E50072C19F /* LeaderboardService.swift */ = {isa = PBXFileReference; lastKnownFileType = sourcecode.swift; path = LeaderboardService.swift; sourceTree = "<group>"; };
		E077B9782DB9FA060072C19F /* LeaderboardView.swift */ = {isa = PBXFileReference; lastKnownFileType = sourcecode.swift; path = LeaderboardView.swift; sourceTree = "<group>"; };
		E077B97A2DBD715E0072C19F /* QuizQuestionModel.swift */ = {isa = PBXFileReference; lastKnownFileType = sourcecode.swift; path = QuizQuestionModel.swift; sourceTree = "<group>"; };
		E077B97C2DBD71CE0072C19F /* QuizData.swift */ = {isa = PBXFileReference; lastKnownFileType = sourcecode.swift; path = QuizData.swift; sourceTree = "<group>"; };
		E077B97E2DBD71EC0072C19F /* QuizView.swift */ = {isa = PBXFileReference; lastKnownFileType = sourcecode.swift; path = QuizView.swift; sourceTree = "<group>"; };
		E077B9802DBD749B0072C19F /* QuizResultView.swift */ = {isa = PBXFileReference; lastKnownFileType = sourcecode.swift; path = QuizResultView.swift; sourceTree = "<group>"; };
		E077B9822DBD7F4B0072C19F /* QuizSplashView.swift */ = {isa = PBXFileReference; lastKnownFileType = sourcecode.swift; path = QuizSplashView.swift; sourceTree = "<group>"; };
		E089B5EE2D7D616000255567 /* NetworkMonitor.swift */ = {isa = PBXFileReference; lastKnownFileType = sourcecode.swift; path = NetworkMonitor.swift; sourceTree = "<group>"; };
		E0914E9C2DA8736B00C463DB /* ConfettiView.swift */ = {isa = PBXFileReference; lastKnownFileType = sourcecode.swift; path = ConfettiView.swift; sourceTree = "<group>"; };
		E09A7EC32E69FBA5009BB9F0 /* OnboardingView.swift */ = {isa = PBXFileReference; lastKnownFileType = sourcecode.swift; path = OnboardingView.swift; sourceTree = "<group>"; };
		E0A3E0462D9257F80022115A /* BookmarkView.swift */ = {isa = PBXFileReference; lastKnownFileType = sourcecode.swift; path = BookmarkView.swift; sourceTree = "<group>"; };
		E0D29A0C2D8B135B0057EE2B /* UnifiedBottomToolbar.swift */ = {isa = PBXFileReference; lastKnownFileType = sourcecode.swift; path = UnifiedBottomToolbar.swift; sourceTree = "<group>"; };
		E0D29A0E2D8B20C40057EE2B /* RoundedCorner.swift */ = {isa = PBXFileReference; lastKnownFileType = sourcecode.swift; path = RoundedCorner.swift; sourceTree = "<group>"; };
		E0D74C862D8A291400A8D279 /* AAVETextView.swift */ = {isa = PBXFileReference; lastKnownFileType = sourcecode.swift; path = AAVETextView.swift; sourceTree = "<group>"; };
		E0D74C882D8A29C800A8D279 /* UIColor+DynamicColors.swift */ = {isa = PBXFileReference; lastKnownFileType = sourcecode.swift; path = "UIColor+DynamicColors.swift"; sourceTree = "<group>"; };
		E0D74C8A2D8A303800A8D279 /* SplashView.swift */ = {isa = PBXFileReference; lastKnownFileType = sourcecode.swift; path = SplashView.swift; sourceTree = "<group>"; };
		E0DCC51D2D7D76910061F222 /* VerseManager.swift */ = {isa = PBXFileReference; lastKnownFileType = sourcecode.swift; path = VerseManager.swift; sourceTree = "<group>"; };
		E0DCC5202D7E020F0061F222 /* BibleModels.swift */ = {isa = PBXFileReference; lastKnownFileType = sourcecode.swift; path = BibleModels.swift; sourceTree = "<group>"; };
		E0DCC5242D7E061F0061F222 /* ShareSheet.swift */ = {isa = PBXFileReference; lastKnownFileType = sourcecode.swift; path = ShareSheet.swift; sourceTree = "<group>"; };
		E0DCC52C2D7E0B110061F222 /* LaunchViewModel.swift */ = {isa = PBXFileReference; lastKnownFileType = sourcecode.swift; path = LaunchViewModel.swift; sourceTree = "<group>"; };
		E0DCC5302D7E16C80061F222 /* ChapterButton.swift */ = {isa = PBXFileReference; lastKnownFileType = sourcecode.swift; path = ChapterButton.swift; sourceTree = "<group>"; };
		E0DCC5322D7E18D30061F222 /* HomeView.swift */ = {isa = PBXFileReference; lastKnownFileType = sourcecode.swift; path = HomeView.swift; sourceTree = "<group>"; };
		E0E071D12D890F5800BFB93E /* Assets 2.xcassets */ = {isa = PBXFileReference; lastKnownFileType = folder.assetcatalog; path = "Assets 2.xcassets"; sourceTree = "<group>"; };
		E0E071D72D8913E100BFB93E /* MultiSelectBottomToolbar.swift */ = {isa = PBXFileReference; lastKnownFileType = sourcecode.swift; path = MultiSelectBottomToolbar.swift; sourceTree = "<group>"; };
		E0F415B92D81362C000A4C7E /* CommentaryView.swift */ = {isa = PBXFileReference; lastKnownFileType = sourcecode.swift; path = CommentaryView.swift; sourceTree = "<group>"; };
		E0F415BF2D825C19000A4C7E /* VerseCard.swift */ = {isa = PBXFileReference; lastKnownFileType = sourcecode.swift; path = VerseCard.swift; sourceTree = "<group>"; };
		E0F415C12D825C82000A4C7E /* VerseDetailSheet.swift */ = {isa = PBXFileReference; lastKnownFileType = sourcecode.swift; path = VerseDetailSheet.swift; sourceTree = "<group>"; };
		E0F415C92D825FA9000A4C7E /* VerseModels.swift */ = {isa = PBXFileReference; lastKnownFileType = sourcecode.swift; path = VerseModels.swift; sourceTree = "<group>"; };
		E0F4B1002F5C5BB100ABCD01 /* FSBridge.swift */ = {isa = PBXFileReference; lastKnownFileType = sourcecode.swift; path = FSBridge.swift; sourceTree = "<group>"; };
		E0F4B1012F5C5BB100ABCD01 /* HomeView.swift */ = {isa = PBXFileReference; lastKnownFileType = sourcecode.swift; path = HomeView.swift; sourceTree = "<group>"; };
		E0F4B1022F5C5BB100ABCD01 /* LoginView.swift */ = {isa = PBXFileReference; lastKnownFileType = sourcecode.swift; path = LoginView.swift; sourceTree = "<group>"; };
		E0F4B1032F5C5BB100ABCD01 /* SettingsView.swift */ = {isa = PBXFileReference; lastKnownFileType = sourcecode.swift; path = SettingsView.swift; sourceTree = "<group>"; };
		E0FAC5232F202B1F00A190AA /* AAVEBibleLiveActivitiesExtension.appex */ = {isa = PBXFileReference; explicitFileType = "wrapper.app-extension"; includeInIndex = 0; path = AAVEBibleLiveActivitiesExtension.appex; sourceTree = BUILT_PRODUCTS_DIR; };
		E0FAC5242F202B1F00A190AA /* WidgetKit.framework */ = {isa = PBXFileReference; lastKnownFileType = wrapper.framework; name = WidgetKit.framework; path = System/Library/Frameworks/WidgetKit.framework; sourceTree = SDKROOT; };
		E0FAC5262F202B1F00A190AA /* SwiftUI.framework */ = {isa = PBXFileReference; lastKnownFileType = wrapper.framework; name = SwiftUI.framework; path = System/Library/Frameworks/SwiftUI.framework; sourceTree = SDKROOT; };
		E0FFF0002FFE1234000ABCDE /* QuizQuestionRepository.swift */ = {isa = PBXFileReference; lastKnownFileType = sourcecode.swift; path = QuizQuestionRepository.swift; sourceTree = "<group>"; };
		E0FFF0202FFE4567000ABCDE /* QuizGameViewModel.swift */ = {isa = PBXFileReference; lastKnownFileType = sourcecode.swift; path = QuizGameViewModel.swift; sourceTree = "<group>"; };
		E1A0AA012F00000100000001 /* AchievementService.swift */ = {isa = PBXFileReference; lastKnownFileType = sourcecode.swift; path = AchievementService.swift; sourceTree = "<group>"; };
		E1A0AA012F00000100000002 /* ReadingProgressService.swift */ = {isa = PBXFileReference; lastKnownFileType = sourcecode.swift; path = ReadingProgressService.swift; sourceTree = "<group>"; };
		E1A0AA012F00000100000003 /* AchievementsView.swift */ = {isa = PBXFileReference; lastKnownFileType = sourcecode.swift; path = AchievementsView.swift; sourceTree = "<group>"; };
		E1A0AA012F00000100000004 /* StreakCard.swift */ = {isa = PBXFileReference; lastKnownFileType = sourcecode.swift; path = StreakCard.swift; sourceTree = "<group>"; };
		E1A0AA012F00000100000005 /* ReadingProgressDebugView.swift */ = {isa = PBXFileReference; lastKnownFileType = sourcecode.swift; path = ReadingProgressDebugView.swift; sourceTree = "<group>"; };
		E1A0AA012F00000100000031 /* UserProfilePreferences.swift */ = {isa = PBXFileReference; lastKnownFileType = sourcecode.swift; path = UserProfilePreferences.swift; sourceTree = "<group>"; };
		E1A0AA012F00000100000032 /* Onboarding/OnboardingFlowView.swift */ = {isa = PBXFileReference; lastKnownFileType = sourcecode.swift; path = Onboarding/OnboardingFlowView.swift; sourceTree = "<group>"; };
		E1A0AA012F00000100000033 /* Onboarding/OnboardingStep.swift */ = {isa = PBXFileReference; lastKnownFileType = sourcecode.swift; path = Onboarding/OnboardingStep.swift; sourceTree = "<group>"; };
		E1A0AA012F00000100000034 /* Onboarding/OnboardingViewModel.swift */ = {isa = PBXFileReference; lastKnownFileType = sourcecode.swift; path = Onboarding/OnboardingViewModel.swift; sourceTree = "<group>"; };
		E1A0AA012F00000100000035 /* Onboarding/OnboardingTokens.swift */ = {isa = PBXFileReference; lastKnownFileType = sourcecode.swift; path = Onboarding/OnboardingTokens.swift; sourceTree = "<group>"; };
		E1A0AA012F00000100000036 /* AchievementShareCardView.swift */ = {isa = PBXFileReference; lastKnownFileType = sourcecode.swift; path = AchievementShareCardView.swift; sourceTree = "<group>"; };
		E1A0AA012F00000100000037 /* AchievementUnlockToastView.swift */ = {isa = PBXFileReference; lastKnownFileType = sourcecode.swift; path = AchievementUnlockToastView.swift; sourceTree = "<group>"; };
		E1B0AA012F10000100000001 /* ProfileView.swift */ = {isa = PBXFileReference; lastKnownFileType = sourcecode.swift; path = ProfileView.swift; sourceTree = "<group>"; };
		E1C0AA012F20000100000011 /* DailyVerseAttributes.swift */ = {isa = PBXFileReference; lastKnownFileType = sourcecode.swift; path = DailyVerseAttributes.swift; sourceTree = "<group>"; };
		E1C0AA012F20000100000012 /* DailyVerseLiveActivityManager.swift */ = {isa = PBXFileReference; lastKnownFileType = sourcecode.swift; path = DailyVerseLiveActivityManager.swift; sourceTree = "<group>"; };
		E1C0AA012F20000100000013 /* VerseOfDayProvider.swift */ = {isa = PBXFileReference; lastKnownFileType = sourcecode.swift; path = VerseOfDayProvider.swift; sourceTree = "<group>"; };
		E1C0AA012F20000100000014 /* LiveActivityDebug.swift */ = {isa = PBXFileReference; lastKnownFileType = sourcecode.swift; path = LiveActivityDebug.swift; sourceTree = "<group>"; };
		E1C0AA012F20000100000015 /* VerseVersion.swift */ = {isa = PBXFileReference; lastKnownFileType = sourcecode.swift; path = VerseVersion.swift; sourceTree = "<group>"; };
		E1C0AA012F20000100000016 /* ScriptureStore.swift */ = {isa = PBXFileReference; lastKnownFileType = sourcecode.swift; path = ScriptureStore.swift; sourceTree = "<group>"; };
/* End PBXFileReference section */

/* Begin PBXFileSystemSynchronizedBuildFileExceptionSet section */
		E04A93B22D7D3B9D006AC6E6 /* Exceptions for "AAVE Bible Concordance" folder in "AAVE Bible Concordance" target */ = {
			isa = PBXFileSystemSynchronizedBuildFileExceptionSet;
			membershipExceptions = (
				Info.plist,
			);
			target = E04B082A2D7A69990022E2DB /* AAVE Bible Concordance */;
		};
		E0FAC53D2F202B2000A190AA /* Exceptions for "AAVEBibleLiveActivities" folder in "AAVEBibleLiveActivitiesExtension" target */ = {
			isa = PBXFileSystemSynchronizedBuildFileExceptionSet;
			membershipExceptions = (
				Info.plist,
			);
			target = E0FAC5222F202B1F00A190AA /* AAVEBibleLiveActivitiesExtension */;
		};
/* End PBXFileSystemSynchronizedBuildFileExceptionSet section */

/* Begin PBXFileSystemSynchronizedRootGroup section */
		E0054FCF2D7CC38300A26A71 /* AAVE Bible ConcordanceTests */ = {
			isa = PBXFileSystemSynchronizedRootGroup;
			path = "AAVE Bible ConcordanceTests";
			sourceTree = "<group>";
		};
		E04B082D2D7A69990022E2DB /* AAVE Bible Concordance */ = {
			isa = PBXFileSystemSynchronizedRootGroup;
			exceptions = (
				E04A93B22D7D3B9D006AC6E6 /* Exceptions for "AAVE Bible Concordance" folder in "AAVE Bible Concordance" target */,
			);
			path = "AAVE Bible Concordance";
			sourceTree = "<group>";
		};
		E0F415B02D811E09000A4C7E /* Resources */ = {
			isa = PBXFileSystemSynchronizedRootGroup;
			path = Resources;
			sourceTree = "<group>";
		};
		E0F415C52D825F66000A4C7E /* Utilities */ = {
			isa = PBXFileSystemSynchronizedRootGroup;
			path = Utilities;
			sourceTree = "<group>";
		};
		E0FAC5282F202B1F00A190AA /* AAVEBibleLiveActivities */ = {
			isa = PBXFileSystemSynchronizedRootGroup;
			exceptions = (
				E0FAC53D2F202B2000A190AA /* Exceptions for "AAVEBibleLiveActivities" folder in "AAVEBibleLiveActivitiesExtension" target */,
			);
			path = AAVEBibleLiveActivities;
			sourceTree = "<group>";
		};
/* End PBXFileSystemSynchronizedRootGroup section */

/* Begin PBXFrameworksBuildPhase section */
		E0054FCB2D7CC38300A26A71 /* Frameworks */ = {
			isa = PBXFrameworksBuildPhase;
			buildActionMask = 2147483647;
			files = (
			);
			runOnlyForDeploymentPostprocessing = 0;
		};
		E03F55C72EB9236000423842 /* Frameworks */ = {
			isa = PBXFrameworksBuildPhase;
			buildActionMask = 2147483647;
			files = (
				E03F55DF2EB9239F00423842 /* FullStory in Frameworks */,
			);
			runOnlyForDeploymentPostprocessing = 0;
		};
		E04B08282D7A69990022E2DB /* Frameworks */ = {
			isa = PBXFrameworksBuildPhase;
			buildActionMask = 2147483647;
			files = (
				E077B9682DB9F32B0072C19F /* FirebaseAnalytics in Frameworks */,
				E077B96F2DB9F8F40072C19F /* FirebaseAuth in Frameworks */,
				E077B9862DC288210072C19F /* FirebaseMessaging in Frameworks */,
				E077B9732DB9F9520072C19F /* FirebaseCore in Frameworks */,
				E077B9712DB9F9210072C19F /* FirebaseFirestore in Frameworks */,
			);
			runOnlyForDeploymentPostprocessing = 0;
		};
		E0FAC5202F202B1F00A190AA /* Frameworks */ = {
			isa = PBXFrameworksBuildPhase;
			buildActionMask = 2147483647;
			files = (
				E0FAC5272F202B1F00A190AA /* SwiftUI.framework in Frameworks */,
				E0FAC5252F202B1F00A190AA /* WidgetKit.framework in Frameworks */,
			);
			runOnlyForDeploymentPostprocessing = 0;
		};
/* End PBXFrameworksBuildPhase section */

/* Begin PBXGroup section */
		E0054FB92D7C202800A26A71 /* Models */ = {
			isa = PBXGroup;
			children = (
				E077B97A2DBD715E0072C19F /* QuizQuestionModel.swift */,
				E0FFF0002FFE1234000ABCDE /* QuizQuestionRepository.swift */,
				E077B9622DB9E1360072C19F /* JesusQuotes.swift */,
				E0196C362D9B3D1700A07E19 /* NotificationMessages.swift */,
				E1C0AA012F20000100000011 /* DailyVerseAttributes.swift */,
				E1C0AA012F20000100000015 /* VerseVersion.swift */,
				E04E0FA12D933C60004C44A2 /* AppState.swift */,
				E04E17352D87E238002EDE4A /* BibleBooks.swift */,
				E04E15E42D8610DD002EDE4A /* ChapterNavigation.swift */,
				E04E15E02D860598002EDE4A /* NavigationModels.swift */,
				E04E15D42D85DA7E002EDE4A /* VerseReference.swift */,
				E1A0AA012F00000100000031 /* UserProfilePreferences.swift */,
				E009628F2D835963007677BD /* BibleData.swift */,
				E00962822D833695007677BD /* SearchResult.swift */,
				E0F415C92D825FA9000A4C7E /* VerseModels.swift */,
				E0DCC5202D7E020F0061F222 /* BibleModels.swift */,
			);
			path = Models;
			sourceTree = "<group>";
		};
		E0054FBA2D7C203300A26A71 /* Views */ = {
			isa = PBXGroup;
			children = (
				E1A0AA012F00000100000003 /* AchievementsView.swift */,
				E1A0AA012F00000100000004 /* StreakCard.swift */,
				E1A0AA012F00000100000005 /* ReadingProgressDebugView.swift */,
				E1A0AA012F00000100000036 /* AchievementShareCardView.swift */,
				E1A0AA012F00000100000037 /* AchievementUnlockToastView.swift */,
				E1B0AA012F10000100000001 /* ProfileView.swift */,
				E1A0AA012F00000100000032 /* Onboarding/OnboardingFlowView.swift */,
				E1A0AA012F00000100000033 /* Onboarding/OnboardingStep.swift */,
				E1A0AA012F00000100000034 /* Onboarding/OnboardingViewModel.swift */,
				E1A0AA012F00000100000035 /* Onboarding/OnboardingTokens.swift */,
				E09A7EC32E69FBA5009BB9F0 /* OnboardingView.swift */,
				E00893182E161B95005E0F11 /* HighlightManager.swift */,
				E00893142E161970005E0F11 /* HighlightedVersesView.swift */,
				E0534B682DC2A4ED0038651E /* UsernamePromptView.swift */,
				E077B9822DBD7F4B0072C19F /* QuizSplashView.swift */,
				E077B9802DBD749B0072C19F /* QuizResultView.swift */,
				E077B97E2DBD71EC0072C19F /* QuizView.swift */,
				E077B97C2DBD71CE0072C19F /* QuizData.swift */,
				E077B9782DB9FA060072C19F /* LeaderboardView.swift */,
				E077B9742DB9F9B30072C19F /* QuizScoreLogger.swift */,
				E077B9692DB9F5B40072C19F /* FirebaseAuthManager.swift */,
				E043E6CE2DB00653002A114F /* VerseImageCreatorView.swift */,
				E0914E9C2DA8736B00C463DB /* ConfettiView.swift */,
				E04E0F9D2D93397F004C44A2 /* NotificationSettingsView.swift */,
				E040971C2D8C9CEE0054BA3A /* HighlightColorPickerView.swift */,
				E0D29A0E2D8B20C40057EE2B /* RoundedCorner.swift */,
				E0D29A0C2D8B135B0057EE2B /* UnifiedBottomToolbar.swift */,
				E0D74C8A2D8A303800A8D279 /* SplashView.swift */,
				E0D74C862D8A291400A8D279 /* AAVETextView.swift */,
				E0E071D72D8913E100BFB93E /* MultiSelectBottomToolbar.swift */,
				E0E071D12D890F5800BFB93E /* Assets 2.xcassets */,
				E04E17322D87E172002EDE4A /* ActionButton.swift */,
				E04E172A2D87DC21002EDE4A /* ChapterNavigationHeader.swift */,
				E04E17282D87DC0E002EDE4A /* VerseRow.swift */,
				E04E17262D87CBC5002EDE4A /* CreditsView.swift */,
				E04E17212D87C72B002EDE4A /* VerseofDaySettingsView.swift */,
				E04E171D2D87C5C0002EDE4A /* BookChapterPickerView.swift */,
				E04E171B2D87C593002EDE4A /* BibleNavigationHeader.swift */,
				E04E17192D87C577002EDE4A /* MultiVerseActionsOverlay.swift */,
				E04E15DE2D85F562002EDE4A /* TranslationsView.swift */,
				E04E15DC2D85F46C002EDE4A /* ToolButton.swift */,
				E04E15DA2D85F372002EDE4A /* CommentaryOverlay.swift */,
				E04E15D82D85F360002EDE4A /* VerseActionsOverlay.swift */,
				E04E15D22D85D932002EDE4A /* MoreView.swift */,
				E00BC61C2D839B7400D3BBCF /* TestamentPicker.swift */,
				E009628D2D835913007677BD /* MainView.swift */,
				E009628B2D8358F9007677BD /* NavigationManager.swift */,
				E00962862D834EAF007677BD /* TranslationCard.swift */,
				E00962842D834AC6007677BD /* PreferenceKeys.swift */,
				E00962802D82C100007677BD /* ErrorView.swift */,
				E009627E2D82C0EC007677BD /* LoadingView.swift */,
				E00962722D827D94007677BD /* NotesView.swift */,
				E0F415C12D825C82000A4C7E /* VerseDetailSheet.swift */,
				E0F415BF2D825C19000A4C7E /* VerseCard.swift */,
				E0F415B92D81362C000A4C7E /* CommentaryView.swift */,
				E0DCC5322D7E18D30061F222 /* HomeView.swift */,
				E0DCC5302D7E16C80061F222 /* ChapterButton.swift */,
				E0DCC5242D7E061F0061F222 /* ShareSheet.swift */,
				E04A93A22D7D2A9F006AC6E6 /* AboutView.swift */,
				E0054F832D7BB55100A26A71 /* ContentView.swift */,
				E0A3E0462D9257F80022115A /* BookmarkView.swift */,
				E0054FA82D7C157000A26A71 /* VerseDetailView.swift */,
				E0054F802D7BB55100A26A71 /* BookListView.swift */,
				E0054F812D7BB55100A26A71 /* ChapterListView.swift */,
				E0054F822D7BB55100A26A71 /* ConcordanceView.swift */,
				E0054FDD2D7CC71F00A26A71 /* DownloadManagerView.swift */,
				E0054F852D7BB55100A26A71 /* SearchView.swift */,
				E0054F862D7BB55100A26A71 /* SettingsView.swift */,
				E0054F872D7BB55100A26A71 /* TaglineCarouselView.swift */,
				E0054F8A2D7BB55100A26A71 /* VerseListView.swift */,
				E0054FD92D7CC57D00A26A71 /* VerseView.swift */,
				E0054FB02D7C1CB100A26A71 /* Bookmarks.swift */,
				E0054FB22D7C1CC800A26A71 /* History.swift */,
				E03501EE2D7CFC9200FA380E /* ViewModels */,
				E05A4D842D7D0E270091AA66 /* Services */,
			);
			path = Views;
			sourceTree = "<group>";
		};
		E0054FBB2D7C204200A26A71 /* Extensions */ = {
			isa = PBXGroup;
			children = (
				E0D74C882D8A29C800A8D279 /* UIColor+DynamicColors.swift */,
				E0054FB72D7C1E1500A26A71 /* Extensions-Date+Time.swift */,
			);
			path = Extensions;
			sourceTree = "<group>";
		};
		E03501EE2D7CFC9200FA380E /* ViewModels */ = {
			isa = PBXGroup;
			children = (
				E04E172C2D87DC5D002EDE4A /* VerseListViewModel.swift */,
				E0054FA62D7C0E3300A26A71 /* SettingsViewModel.swift */,
				E0DCC52C2D7E0B110061F222 /* LaunchViewModel.swift */,
				E03501ED2D7CFC9200FA380E /* DownloadManagerViewModel.swift */,
				E0FFF0202FFE4567000ABCDE /* QuizGameViewModel.swift */,
			);
			path = ViewModels;
			sourceTree = "<group>";
		};
		E03F55CB2EB9236000423842 /* AAVE FS Demo */ = {
			isa = PBXGroup;
			children = (
				E03F56002EB924F400423842 /* AAVE_FS_DemoApp.swift */,
				E03F56012EB924F400423842 /* DemoAppDelegate.swift */,
				E03F56022EB924F400423842 /* ContentView.swift */,
				E0F4B1002F5C5BB100ABCD01 /* FSBridge.swift */,
				E0F4B1012F5C5BB100ABCD01 /* HomeView.swift */,
				E0F4B1022F5C5BB100ABCD01 /* LoginView.swift */,
				E0F4B1032F5C5BB100ABCD01 /* SettingsView.swift */,
				E03F56032EB924F400423842 /* DemoDiagnostics.swift */,
				E03F56042EB924F400423842 /* Assets.xcassets */,
				E03F56052EB924F400423842 /* FullStory.json */,
				E03F56062EB924F400423842 /* Info.plist */,
				E03F56072EB924F400423842 /* README.md */,
			);
			path = "AAVE FS Demo";
			sourceTree = "<group>";
		};
		E04B08222D7A69990022E2DB = {
			isa = PBXGroup;
			children = (
				E0F415C52D825F66000A4C7E /* Utilities */,
				E0F415B02D811E09000A4C7E /* Resources */,
				E0054FBB2D7C204200A26A71 /* Extensions */,
				E0054FBA2D7C203300A26A71 /* Views */,
				E0054FB92D7C202800A26A71 /* Models */,
				E04B082D2D7A69990022E2DB /* AAVE Bible Concordance */,
				E0054FCF2D7CC38300A26A71 /* AAVE Bible ConcordanceTests */,
				E03F55CB2EB9236000423842 /* AAVE FS Demo */,
				E0FAC5282F202B1F00A190AA /* AAVEBibleLiveActivities */,
				E077B96D2DB9F8F40072C19F /* Frameworks */,
				E04B082C2D7A69990022E2DB /* Products */,
			);
			sourceTree = "<group>";
		};
		E04B082C2D7A69990022E2DB /* Products */ = {
			isa = PBXGroup;
			children = (
				E04B082B2D7A69990022E2DB /* AAVE Bible Concordance.app */,
				E0054FCE2D7CC38300A26A71 /* AAVE Bible ConcordanceTests.xctest */,
				E03F55CA2EB9236000423842 /* AAVE FS Demo.app */,
				E0FAC5232F202B1F00A190AA /* AAVEBibleLiveActivitiesExtension.appex */,
			);
			name = Products;
			sourceTree = "<group>";
		};
		E05A4D842D7D0E270091AA66 /* Services */ = {
			isa = PBXGroup;
			children = (
				E1A0AA012F00000100000001 /* AchievementService.swift */,
				E1A0AA012F00000100000002 /* ReadingProgressService.swift */,
				E1C0AA012F20000100000012 /* DailyVerseLiveActivityManager.swift */,
				E1C0AA012F20000100000013 /* VerseOfDayProvider.swift */,
				E1C0AA012F20000100000014 /* LiveActivityDebug.swift */,
				E1C0AA012F20000100000016 /* ScriptureStore.swift */,
				E0534B662DC2A3E90038651E /* AppleAuthManager.swift */,
				E077B9762DB9F9E50072C19F /* LeaderboardService.swift */,
				E077B96B2DB9F5CB0072C19F /* FirestoreService.swift */,
				E01A9DEB2DA87BAD0000F4A3 /* RedLetterService.swift */,
				E04E0F9B2D933967004C44A2 /* NotificationManager.swift */,
				E0DCC51D2D7D76910061F222 /* VerseManager.swift */,
				E05A4D812D7D0E270091AA66 /* APIConfig.swift */,
				E05A4D822D7D0E270091AA66 /* BibleAPIService.swift */,
				E089B5EE2D7D616000255567 /* NetworkMonitor.swift */,
				E05A4D832D7D0E270091AA66 /* UserDataManager.swift */,
				E0054FA02D7BFDF700A26A71 /* TranslationService.swift */,
			);
			path = Services;
			sourceTree = "<group>";
		};
		E077B96D2DB9F8F40072C19F /* Frameworks */ = {
			isa = PBXGroup;
			children = (
				E0FAC5242F202B1F00A190AA /* WidgetKit.framework */,
				E0FAC5262F202B1F00A190AA /* SwiftUI.framework */,
			);
			name = Frameworks;
			sourceTree = "<group>";
		};
/* End PBXGroup section */

/* Begin PBXNativeTarget section */
		E0054FCD2D7CC38300A26A71 /* AAVE Bible ConcordanceTests */ = {
			isa = PBXNativeTarget;
			buildConfigurationList = E0054FD42D7CC38400A26A71 /* Build configuration list for PBXNativeTarget "AAVE Bible ConcordanceTests" */;
			buildPhases = (
				E0054FCA2D7CC38300A26A71 /* Sources */,
				E0054FCB2D7CC38300A26A71 /* Frameworks */,
				E0054FCC2D7CC38300A26A71 /* Resources */,
			);
			buildRules = (
			);
			dependencies = (
				E0054FD32D7CC38400A26A71 /* PBXTargetDependency */,
			);
			fileSystemSynchronizedGroups = (
				E0054FCF2D7CC38300A26A71 /* AAVE Bible ConcordanceTests */,
			);
			name = "AAVE Bible ConcordanceTests";
			packageProductDependencies = (
			);
			productName = "AAVE Bible ConcordanceTests";
			productReference = E0054FCE2D7CC38300A26A71 /* AAVE Bible ConcordanceTests.xctest */;
			productType = "com.apple.product-type.bundle.unit-test";
		};
		E03F55C92EB9236000423842 /* AAVE FS Demo */ = {
			isa = PBXNativeTarget;
			buildConfigurationList = E03F55D42EB9236300423842 /* Build configuration list for PBXNativeTarget "AAVE FS Demo" */;
			buildPhases = (
				E03F55E02EB923CA00423842 /* FullStory CLI Build */,
				E03F55C62EB9236000423842 /* Sources */,
				E03F55C72EB9236000423842 /* Frameworks */,
				E03F55C82EB9236000423842 /* Resources */,
			);
			buildRules = (
			);
			dependencies = (
			);
			fileSystemSynchronizedGroups = (
				E03F55CB2EB9236000423842 /* AAVE FS Demo */,
			);
			name = "AAVE FS Demo";
			packageProductDependencies = (
				E03F55DE2EB9239F00423842 /* FullStory */,
			);
			productName = "AAVE FS Demo";
			productReference = E03F55CA2EB9236000423842 /* AAVE FS Demo.app */;
			productType = "com.apple.product-type.application";
		};
		E04B082A2D7A69990022E2DB /* AAVE Bible Concordance */ = {
			isa = PBXNativeTarget;
			buildConfigurationList = E04B08392D7A699D0022E2DB /* Build configuration list for PBXNativeTarget "AAVE Bible Concordance" */;
			buildPhases = (
				E04B08272D7A69990022E2DB /* Sources */,
				E04B08282D7A69990022E2DB /* Frameworks */,
				E04B08292D7A69990022E2DB /* Resources */,
				E0FAC5392F202B2000A190AA /* Embed Foundation Extensions */,
			);
			buildRules = (
			);
			dependencies = (
				E0FAC5372F202B2000A190AA /* PBXTargetDependency */,
			);
			fileSystemSynchronizedGroups = (
				E04B082D2D7A69990022E2DB /* AAVE Bible Concordance */,
				E0F415B02D811E09000A4C7E /* Resources */,
				E0F415C52D825F66000A4C7E /* Utilities */,
			);
			name = "AAVE Bible Concordance";
			packageProductDependencies = (
				E077B9672DB9F32B0072C19F /* FirebaseAnalytics */,
				E077B96E2DB9F8F40072C19F /* FirebaseAuth */,
				E077B9702DB9F9210072C19F /* FirebaseFirestore */,
				E077B9722DB9F9520072C19F /* FirebaseCore */,
				E077B9852DC288210072C19F /* FirebaseMessaging */,
			);
			productName = "AAVE Bible Concordance";
			productReference = E04B082B2D7A69990022E2DB /* AAVE Bible Concordance.app */;
			productType = "com.apple.product-type.application";
		};
		E0FAC5222F202B1F00A190AA /* AAVEBibleLiveActivitiesExtension */ = {
			isa = PBXNativeTarget;
			buildConfigurationList = E0FAC53C2F202B2000A190AA /* Build configuration list for PBXNativeTarget "AAVEBibleLiveActivitiesExtension" */;
			buildPhases = (
				E0FAC51F2F202B1F00A190AA /* Sources */,
				E0FAC5202F202B1F00A190AA /* Frameworks */,
				E0FAC5212F202B1F00A190AA /* Resources */,
			);
			buildRules = (
			);
			dependencies = (
			);
			fileSystemSynchronizedGroups = (
				E0FAC5282F202B1F00A190AA /* AAVEBibleLiveActivities */,
			);
			name = AAVEBibleLiveActivitiesExtension;
			packageProductDependencies = (
			);
			productName = AAVEBibleLiveActivitiesExtension;
			productReference = E0FAC5232F202B1F00A190AA /* AAVEBibleLiveActivitiesExtension.appex */;
			productType = "com.apple.product-type.app-extension";
		};
/* End PBXNativeTarget section */

/* Begin PBXProject section */
		E04B08232D7A69990022E2DB /* Project object */ = {
			isa = PBXProject;
			attributes = {
				BuildIndependentTargetsInParallel = 1;
				LastSwiftUpdateCheck = 2620;
				LastUpgradeCheck = 1620;
				TargetAttributes = {
					E0054FCD2D7CC38300A26A71 = {
						CreatedOnToolsVersion = 16.2;
						TestTargetID = E04B082A2D7A69990022E2DB;
					};
					E03F55C92EB9236000423842 = {
						CreatedOnToolsVersion = 26.0;
					};
					E04B082A2D7A69990022E2DB = {
						CreatedOnToolsVersion = 16.2;
					};
					E0FAC5222F202B1F00A190AA = {
						CreatedOnToolsVersion = 26.2;
					};
				};
			};
			buildConfigurationList = E04B08262D7A69990022E2DB /* Build configuration list for PBXProject "AAVE Bible Concordance" */;
			developmentRegion = en;
			hasScannedForEncodings = 0;
			knownRegions = (
				en,
				Base,
			);
			mainGroup = E04B08222D7A69990022E2DB;
			minimizedProjectReferenceProxies = 1;
			packageReferences = (
				E077B9662DB9F32B0072C19F /* XCRemoteSwiftPackageReference "firebase-ios-sdk" */,
				E03F55DD2EB9238D00423842 /* XCRemoteSwiftPackageReference "fullstory-swift-package-ios" */,
			);
			preferredProjectObjectVersion = 77;
			productRefGroup = E04B082C2D7A69990022E2DB /* Products */;
			projectDirPath = "";
			projectRoot = "";
			targets = (
				E04B082A2D7A69990022E2DB /* AAVE Bible Concordance */,
				E0054FCD2D7CC38300A26A71 /* AAVE Bible ConcordanceTests */,
				E03F55C92EB9236000423842 /* AAVE FS Demo */,
				E0FAC5222F202B1F00A190AA /* AAVEBibleLiveActivitiesExtension */,
			);
		};
/* End PBXProject section */

/* Begin PBXResourcesBuildPhase section */
		E0054FCC2D7CC38300A26A71 /* Resources */ = {
			isa = PBXResourcesBuildPhase;
			buildActionMask = 2147483647;
			files = (
			);
			runOnlyForDeploymentPostprocessing = 0;
		};
		E03F55C82EB9236000423842 /* Resources */ = {
			isa = PBXResourcesBuildPhase;
			buildActionMask = 2147483647;
			files = (
				E03F560E2EB924F400423842 /* Assets.xcassets in Resources */,
			);
			runOnlyForDeploymentPostprocessing = 0;
		};
		E04B08292D7A69990022E2DB /* Resources */ = {
			isa = PBXResourcesBuildPhase;
			buildActionMask = 2147483647;
			files = (
				E0E071D22D890F5800BFB93E /* Assets 2.xcassets in Resources */,
			);
			runOnlyForDeploymentPostprocessing = 0;
		};
		E0FAC5212F202B1F00A190AA /* Resources */ = {
			isa = PBXResourcesBuildPhase;
			buildActionMask = 2147483647;
			files = (
			);
			runOnlyForDeploymentPostprocessing = 0;
		};
/* End PBXResourcesBuildPhase section */

/* Begin PBXShellScriptBuildPhase section */
		E03F55E02EB923CA00423842 /* FullStory CLI Build */ = {
			isa = PBXShellScriptBuildPhase;
			buildActionMask = 2147483647;
			files = (
			);
			inputFileListPaths = (
			);
			inputPaths = (
				"$(SRCROOT)/Tools/FullStoryCommandLine",
				"$(SRCROOT)/AAVE FS Demo/FullStory.json",
			);
			name = "FullStory CLI Build";
			outputFileListPaths = (
			);
			outputPaths = (
				"$(TARGET_BUILD_DIR)/$(WRAPPER_NAME)/FullStory.json",
			);
			runOnlyForDeploymentPostprocessing = 0;
			shellPath = /bin/sh;
			shellScript = "set -euo pipefail\nFS_CLI=\"${SRCROOT}/Tools/FullStoryCommandLine\"\nFS_CONFIG=\"${SRCROOT}/AAVE FS Demo/FullStory.json\"\nFS_OUTPUT=\"${TARGET_BUILD_DIR}/${WRAPPER_NAME}/FullStory.json\"\necho \"📦 FS_CLI: $FS_CLI\"\necho \"🗂️  FS_CONFIG: $FS_CONFIG\"\necho \"🎯 FS_OUTPUT: $FS_OUTPUT\"\nif [ ! -x \"$FS_CLI\" ]; then echo \"❌ Missing CLI\"; exit 1; fi\nif [ ! -f \"$FS_CONFIG\" ]; then echo \"❌ Missing config\"; exit 1; fi\n\"$FS_CLI\" build --config \"$FS_CONFIG\" --output \"$FS_OUTPUT\"\necho \"✅ FullStory CLI build complete: $FS_OUTPUT\"\nif ! /usr/bin/grep -q '\"FSBuildID\"' \"$FS_OUTPUT\"; then\n  echo \"❌ FSBuildID missing\"; cat \"$FS_OUTPUT\"; exit 1\nfi\necho \"🧪 Bundled FullStory.json (first 240 chars):\"; head -c 240 \"$FS_OUTPUT\" || true; echo\n";
			showEnvVarsInLog = 0;
		};
/* End PBXShellScriptBuildPhase section */

/* Begin PBXSourcesBuildPhase section */
		E0054FCA2D7CC38300A26A71 /* Sources */ = {
			isa = PBXSourcesBuildPhase;
			buildActionMask = 2147483647;
			files = (
			);
			runOnlyForDeploymentPostprocessing = 0;
		};
		E03F55C62EB9236000423842 /* Sources */ = {
			isa = PBXSourcesBuildPhase;
			buildActionMask = 2147483647;
			files = (
				E03F560A2EB924F400423842 /* AAVE_FS_DemoApp.swift in Sources */,
				E03F560B2EB924F400423842 /* DemoAppDelegate.swift in Sources */,
				E03F560C2EB924F400423842 /* ContentView.swift in Sources */,
				E0F4B1102F5C5BB100ABCD01 /* FSBridge.swift in Sources */,
				E0F4B1112F5C5BB100ABCD01 /* HomeView.swift in Sources */,
				E0F4B1122F5C5BB100ABCD01 /* LoginView.swift in Sources */,
				E0F4B1132F5C5BB100ABCD01 /* SettingsView.swift in Sources */,
				E03F560D2EB924F400423842 /* DemoDiagnostics.swift in Sources */,
			);
			runOnlyForDeploymentPostprocessing = 0;
		};
		E04B08272D7A69990022E2DB /* Sources */ = {
			isa = PBXSourcesBuildPhase;
			buildActionMask = 2147483647;
			files = (
				E040971D2D8C9CF40054BA3A /* HighlightColorPickerView.swift in Sources */,
				E0054F922D7BB55100A26A71 /* BookListView.swift in Sources */,
				E0054F932D7BB55100A26A71 /* ChapterListView.swift in Sources */,
				E0D74C8B2D8A303B00A8D279 /* SplashView.swift in Sources */,
				E0054F942D7BB55100A26A71 /* ConcordanceView.swift in Sources */,
				E0E071D82D8913EC00BFB93E /* MultiSelectBottomToolbar.swift in Sources */,
				E04E171C2D87C59A002EDE4A /* BibleNavigationHeader.swift in Sources */,
				E077B97D2DBD71D20072C19F /* QuizData.swift in Sources */,
				E0DCC5332D7E18D60061F222 /* HomeView.swift in Sources */,
				E00962902D835966007677BD /* BibleData.swift in Sources */,
				E0A3E0472D9257F80022115A /* BookmarkView.swift in Sources */,
				E0F415C22D825C87000A4C7E /* VerseDetailSheet.swift in Sources */,
				E0054F952D7BB55100A26A71 /* ContentView.swift in Sources */,
				E0534B672DC2A3FB0038651E /* AppleAuthManager.swift in Sources */,
				E077B9772DB9F9EC0072C19F /* LeaderboardService.swift in Sources */,
				E04E15D32D85D938002EDE4A /* MoreView.swift in Sources */,
				E0DCC5212D7E020F0061F222 /* BibleModels.swift in Sources */,
				E0054FDE2D7CC71F00A26A71 /* DownloadManagerView.swift in Sources */,
				E0914E9D2DA8736F00C463DB /* ConfettiView.swift in Sources */,
				E0054FA92D7C157000A26A71 /* VerseDetailView.swift in Sources */,
				E00962852D834ACD007677BD /* PreferenceKeys.swift in Sources */,
				E009627F2D82C0EF007677BD /* LoadingView.swift in Sources */,
				E0D29A0F2D8B20CC0057EE2B /* RoundedCorner.swift in Sources */,
				E04E15DB2D85F37A002EDE4A /* CommentaryOverlay.swift in Sources */,
				E077B97F2DBD71F50072C19F /* QuizView.swift in Sources */,
				E0054F962D7BB55100A26A71 /* SearchView.swift in Sources */,
				E1A0AA012F00000100000013 /* AchievementsView.swift in Sources */,
				E1A0AA012F00000100000014 /* StreakCard.swift in Sources */,
				E1A0AA012F00000100000015 /* ReadingProgressDebugView.swift in Sources */,
				E1A0AA012F00000100000022 /* Onboarding/OnboardingFlowView.swift in Sources */,
				E1A0AA012F00000100000023 /* Onboarding/OnboardingStep.swift in Sources */,
				E1A0AA012F00000100000024 /* Onboarding/OnboardingViewModel.swift in Sources */,
				E1A0AA012F00000100000025 /* Onboarding/OnboardingTokens.swift in Sources */,
				E1A0AA012F00000100000026 /* AchievementShareCardView.swift in Sources */,
				E1A0AA012F00000100000027 /* AchievementUnlockToastView.swift in Sources */,
				E1B0AA012F10000100000011 /* ProfileView.swift in Sources */,
				E04E15E52D8610E1002EDE4A /* ChapterNavigation.swift in Sources */,
				E0F415BA2D813630000A4C7E /* CommentaryView.swift in Sources */,
				E0D74C872D8A291B00A8D279 /* AAVETextView.swift in Sources */,
				E04E17272D87CBC8002EDE4A /* CreditsView.swift in Sources */,
				E00893192E161B9B005E0F11 /* HighlightManager.swift in Sources */,
				E089B5EF2D7D616000255567 /* NetworkMonitor.swift in Sources */,
				E04E172B2D87DC27002EDE4A /* ChapterNavigationHeader.swift in Sources */,
				E00962832D83369A007677BD /* SearchResult.swift in Sources */,
				E1C0AA012F20000100000001 /* DailyVerseAttributes.swift in Sources */,
				E1C0AA012F20000100000002 /* DailyVerseLiveActivityManager.swift in Sources */,
				E1C0AA012F20000100000003 /* VerseOfDayProvider.swift in Sources */,
				E1C0AA012F20000100000004 /* LiveActivityDebug.swift in Sources */,
				E1C0AA012F20000100000006 /* VerseVersion.swift in Sources */,
				E1C0AA012F20000100000007 /* ScriptureStore.swift in Sources */,
				E04E17222D87C733002EDE4A /* VerseofDaySettingsView.swift in Sources */,
				E00962812D82C102007677BD /* ErrorView.swift in Sources */,
				E04E15D52D85DA86002EDE4A /* VerseReference.swift in Sources */,
				E1A0AA012F00000100000021 /* UserProfilePreferences.swift in Sources */,
				E00BC61D2D839B7D00D3BBCF /* TestamentPicker.swift in Sources */,
				E009628E2D835916007677BD /* MainView.swift in Sources */,
				E0054FDA2D7CC57D00A26A71 /* VerseView.swift in Sources */,
				E04E15D92D85F366002EDE4A /* VerseActionsOverlay.swift in Sources */,
				E0F415CA2D825FAD000A4C7E /* VerseModels.swift in Sources */,
				E0FFF0212FFE4567000ABCDE /* QuizGameViewModel.swift in Sources */,
				E0FFF0012FFE1234000ABCDE /* QuizQuestionRepository.swift in Sources */,
				E077B9632DB9E13E0072C19F /* JesusQuotes.swift in Sources */,
				E0054FA12D7BFDF800A26A71 /* TranslationService.swift in Sources */,
				E1A0AA012F00000100000011 /* AchievementService.swift in Sources */,
				E1A0AA012F00000100000012 /* ReadingProgressService.swift in Sources */,
				E04E171E2D87C5C6002EDE4A /* BookChapterPickerView.swift in Sources */,
				E0D29A0D2D8B13620057EE2B /* UnifiedBottomToolbar.swift in Sources */,
				E04E17292D87DC11002EDE4A /* VerseRow.swift in Sources */,
				E00962732D827D97007677BD /* NotesView.swift in Sources */,
				E0534B692DC2A4F10038651E /* UsernamePromptView.swift in Sources */,
				E04E15DF2D85F567002EDE4A /* TranslationsView.swift in Sources */,
				E04E171A2D87C57E002EDE4A /* MultiVerseActionsOverlay.swift in Sources */,
				E077B9812DBD74A00072C19F /* QuizResultView.swift in Sources */,
				E0054FB32D7C1CCB00A26A71 /* History.swift in Sources */,
				E077B9832DBD7F530072C19F /* QuizSplashView.swift in Sources */,
				E077B96A2DB9F5BA0072C19F /* FirebaseAuthManager.swift in Sources */,
				E0054FB82D7C1E2100A26A71 /* Extensions-Date+Time.swift in Sources */,
				E0DCC5312D7E16CD0061F222 /* ChapterButton.swift in Sources */,
				E077B96C2DB9F5D50072C19F /* FirestoreService.swift in Sources */,
				E009628C2D8358FF007677BD /* NavigationManager.swift in Sources */,
				E00893152E161977005E0F11 /* HighlightedVersesView.swift in Sources */,
				E0054F972D7BB55100A26A71 /* SettingsView.swift in Sources */,
				E03501EF2D7CFC9200FA380E /* DownloadManagerViewModel.swift in Sources */,
				E04E17332D87E178002EDE4A /* ActionButton.swift in Sources */,
				E00962872D834EB4007677BD /* TranslationCard.swift in Sources */,
				E0054FB12D7C1CB300A26A71 /* Bookmarks.swift in Sources */,
				E05A4D852D7D0E270091AA66 /* UserDataManager.swift in Sources */,
				E04E172D2D87DC62002EDE4A /* VerseListViewModel.swift in Sources */,
				E043E6CF2DB0065E002A114F /* VerseImageCreatorView.swift in Sources */,
				E05A4D862D7D0E270091AA66 /* BibleAPIService.swift in Sources */,
				E04E15E12D86059C002EDE4A /* NavigationModels.swift in Sources */,
				E01A9DEC2DA87BB20000F4A3 /* RedLetterService.swift in Sources */,
				E04A93A32D7D2AA6006AC6E6 /* AboutView.swift in Sources */,
				E0F415C02D825C1D000A4C7E /* VerseCard.swift in Sources */,
				E0D74C892D8A29D100A8D279 /* UIColor+DynamicColors.swift in Sources */,
				E0DCC51E2D7D76940061F222 /* VerseManager.swift in Sources */,
				E05A4D872D7D0E270091AA66 /* APIConfig.swift in Sources */,
				E0DCC52D2D7E0B160061F222 /* LaunchViewModel.swift in Sources */,
				E04E0F9E2D933985004C44A2 /* NotificationSettingsView.swift in Sources */,
				E077B97B2DBD71650072C19F /* QuizQuestionModel.swift in Sources */,
				E0054F982D7BB55100A26A71 /* TaglineCarouselView.swift in Sources */,
				E04E17362D87E23C002EDE4A /* BibleBooks.swift in Sources */,
				E0054F9B2D7BB55100A26A71 /* VerseListView.swift in Sources */,
				E0196C372D9B3D2000A07E19 /* NotificationMessages.swift in Sources */,
				E0054FA72D7C0E3B00A26A71 /* SettingsViewModel.swift in Sources */,
				E04E0F9C2D93396D004C44A2 /* NotificationManager.swift in Sources */,
				E04E0FA22D933C64004C44A2 /* AppState.swift in Sources */,
				E0DCC5252D7E06240061F222 /* ShareSheet.swift in Sources */,
				E077B9752DB9F9B70072C19F /* QuizScoreLogger.swift in Sources */,
				E077B9792DB9FA0B0072C19F /* LeaderboardView.swift in Sources */,
				E04E15DD2D85F470002EDE4A /* ToolButton.swift in Sources */,
				E09A7EC42E69FBB8009BB9F0 /* OnboardingView.swift in Sources */,
			);
			runOnlyForDeploymentPostprocessing = 0;
		};
		E0FAC51F2F202B1F00A190AA /* Sources */ = {
			isa = PBXSourcesBuildPhase;
			buildActionMask = 2147483647;
			files = (
				E1C0AA012F20000100000005 /* DailyVerseAttributes.swift in Sources (Extension) */,
			);
			runOnlyForDeploymentPostprocessing = 0;
		};
/* End PBXSourcesBuildPhase section */

/* Begin PBXTargetDependency section */
		E0054FD32D7CC38400A26A71 /* PBXTargetDependency */ = {
			isa = PBXTargetDependency;
			target = E04B082A2D7A69990022E2DB /* AAVE Bible Concordance */;
			targetProxy = E0054FD22D7CC38400A26A71 /* PBXContainerItemProxy */;
		};
		E0FAC5372F202B2000A190AA /* PBXTargetDependency */ = {
			isa = PBXTargetDependency;
			target = E0FAC5222F202B1F00A190AA /* AAVEBibleLiveActivitiesExtension */;
			targetProxy = E0FAC5362F202B2000A190AA /* PBXContainerItemProxy */;
		};
/* End PBXTargetDependency section */

/* Begin XCBuildConfiguration section */
		E0054FD52D7CC38400A26A71 /* Debug */ = {
			isa = XCBuildConfiguration;
			buildSettings = {
				BUNDLE_LOADER = "$(TEST_HOST)";
				CODE_SIGN_STYLE = Automatic;
				CURRENT_PROJECT_VERSION = 1;
				DEVELOPMENT_TEAM = 7ER7B4U7Y5;
				GENERATE_INFOPLIST_FILE = YES;
				MARKETING_VERSION = 1.0;
				PRODUCT_BUNDLE_IDENTIFIER = "com.phishoapps.concordance.AAVE-Bible-ConcordanceTests";
				PRODUCT_NAME = "$(TARGET_NAME)";
				SWIFT_EMIT_LOC_STRINGS = NO;
				SWIFT_VERSION = 5.0;
				TARGETED_DEVICE_FAMILY = "1,2";
				TEST_HOST = "$(BUILT_PRODUCTS_DIR)/AAVE Bible Concordance.app/$(BUNDLE_EXECUTABLE_FOLDER_PATH)/AAVE Bible Concordance";
			};
			name = Debug;
		};
		E0054FD62D7CC38400A26A71 /* Release */ = {
			isa = XCBuildConfiguration;
			buildSettings = {
				BUNDLE_LOADER = "$(TEST_HOST)";
				CODE_SIGN_STYLE = Automatic;
				CURRENT_PROJECT_VERSION = 1;
				DEVELOPMENT_TEAM = 7ER7B4U7Y5;
				GENERATE_INFOPLIST_FILE = YES;
				MARKETING_VERSION = 1.0;
				PRODUCT_BUNDLE_IDENTIFIER = "com.phishoapps.concordance.AAVE-Bible-ConcordanceTests";
				PRODUCT_NAME = "$(TARGET_NAME)";
				SWIFT_EMIT_LOC_STRINGS = NO;
				SWIFT_VERSION = 5.0;
				TARGETED_DEVICE_FAMILY = "1,2";
				TEST_HOST = "$(BUILT_PRODUCTS_DIR)/AAVE Bible Concordance.app/$(BUNDLE_EXECUTABLE_FOLDER_PATH)/AAVE Bible Concordance";
			};
			name = Release;
		};
		E03F55D22EB9236300423842 /* Debug */ = {
			isa = XCBuildConfiguration;
			buildSettings = {
				ASSETCATALOG_COMPILER_APPICON_NAME = AppIcon;
				ASSETCATALOG_COMPILER_GLOBAL_ACCENT_COLOR_NAME = AccentColor;
				CODE_SIGN_STYLE = Automatic;
				CURRENT_PROJECT_VERSION = 1;
				DEVELOPMENT_TEAM = 7ER7B4U7Y5;
				ENABLE_PREVIEWS = YES;
				GENERATE_INFOPLIST_FILE = NO;
				INFOPLIST_FILE = "AAVE FS Demo/Info.plist";
				INFOPLIST_KEY_UIApplicationSceneManifest_Generation = YES;
				INFOPLIST_KEY_UIApplicationSupportsIndirectInputEvents = YES;
				INFOPLIST_KEY_UILaunchScreen_Generation = YES;
				INFOPLIST_KEY_UISupportedInterfaceOrientations_iPad = "UIInterfaceOrientationPortrait UIInterfaceOrientationPortraitUpsideDown UIInterfaceOrientationLandscapeLeft UIInterfaceOrientationLandscapeRight";
				INFOPLIST_KEY_UISupportedInterfaceOrientations_iPhone = "UIInterfaceOrientationPortrait UIInterfaceOrientationLandscapeLeft UIInterfaceOrientationLandscapeRight";
				IPHONEOS_DEPLOYMENT_TARGET = 26.0;
				LD_RUNPATH_SEARCH_PATHS = (
					"$(inherited)",
					"@executable_path/Frameworks",
				);
				MARKETING_VERSION = 1.0;
				PRODUCT_BUNDLE_IDENTIFIER = "com.phisho.aavefsdemo.AAVE-FS-Demo";
				PRODUCT_NAME = "$(TARGET_NAME)";
				STRING_CATALOG_GENERATE_SYMBOLS = YES;
				SWIFT_APPROACHABLE_CONCURRENCY = YES;
				SWIFT_DEFAULT_ACTOR_ISOLATION = MainActor;
				SWIFT_EMIT_LOC_STRINGS = YES;
				SWIFT_UPCOMING_FEATURE_MEMBER_IMPORT_VISIBILITY = YES;
				SWIFT_VERSION = 5.0;
				TARGETED_DEVICE_FAMILY = "1,2";
			};
			name = Debug;
		};
		E03F55D32EB9236300423842 /* Release */ = {
			isa = XCBuildConfiguration;
			buildSettings = {
				ASSETCATALOG_COMPILER_APPICON_NAME = AppIcon;
				ASSETCATALOG_COMPILER_GLOBAL_ACCENT_COLOR_NAME = AccentColor;
				CODE_SIGN_STYLE = Automatic;
				CURRENT_PROJECT_VERSION = 1;
				DEVELOPMENT_TEAM = 7ER7B4U7Y5;
				ENABLE_PREVIEWS = YES;
				GENERATE_INFOPLIST_FILE = NO;
				INFOPLIST_FILE = "AAVE FS Demo/Info.plist";
				INFOPLIST_KEY_UIApplicationSceneManifest_Generation = YES;
				INFOPLIST_KEY_UIApplicationSupportsIndirectInputEvents = YES;
				INFOPLIST_KEY_UILaunchScreen_Generation = YES;
				INFOPLIST_KEY_UISupportedInterfaceOrientations_iPad = "UIInterfaceOrientationPortrait UIInterfaceOrientationPortraitUpsideDown UIInterfaceOrientationLandscapeLeft UIInterfaceOrientationLandscapeRight";
				INFOPLIST_KEY_UISupportedInterfaceOrientations_iPhone = "UIInterfaceOrientationPortrait UIInterfaceOrientationLandscapeLeft UIInterfaceOrientationLandscapeRight";
				IPHONEOS_DEPLOYMENT_TARGET = 26.0;
				LD_RUNPATH_SEARCH_PATHS = (
					"$(inherited)",
					"@executable_path/Frameworks",
				);
				MARKETING_VERSION = 1.0;
				PRODUCT_BUNDLE_IDENTIFIER = "com.phisho.aavefsdemo.AAVE-FS-Demo";
				PRODUCT_NAME = "$(TARGET_NAME)";
				STRING_CATALOG_GENERATE_SYMBOLS = YES;
				SWIFT_APPROACHABLE_CONCURRENCY = YES;
				SWIFT_DEFAULT_ACTOR_ISOLATION = MainActor;
				SWIFT_EMIT_LOC_STRINGS = YES;
				SWIFT_UPCOMING_FEATURE_MEMBER_IMPORT_VISIBILITY = YES;
				SWIFT_VERSION = 5.0;
				TARGETED_DEVICE_FAMILY = "1,2";
			};
			name = Release;
		};
		E04B08372D7A699D0022E2DB /* Debug */ = {
			isa = XCBuildConfiguration;
			buildSettings = {
				ALWAYS_SEARCH_USER_PATHS = NO;
				ASSETCATALOG_COMPILER_GENERATE_SWIFT_ASSET_SYMBOL_EXTENSIONS = YES;
				CLANG_ANALYZER_NONNULL = YES;
				CLANG_ANALYZER_NUMBER_OBJECT_CONVERSION = YES_AGGRESSIVE;
				CLANG_CXX_LANGUAGE_STANDARD = "gnu++20";
				CLANG_ENABLE_MODULES = YES;
				CLANG_ENABLE_OBJC_ARC = YES;
				CLANG_ENABLE_OBJC_WEAK = YES;
				CLANG_WARN_BLOCK_CAPTURE_AUTORELEASING = YES;
				CLANG_WARN_BOOL_CONVERSION = YES;
				CLANG_WARN_COMMA = YES;
				CLANG_WARN_CONSTANT_CONVERSION = YES;
				CLANG_WARN_DEPRECATED_OBJC_IMPLEMENTATIONS = YES;
				CLANG_WARN_DIRECT_OBJC_ISA_USAGE = YES_ERROR;
				CLANG_WARN_DOCUMENTATION_COMMENTS = YES;
				CLANG_WARN_EMPTY_BODY = YES;
				CLANG_WARN_ENUM_CONVERSION = YES;
				CLANG_WARN_INFINITE_RECURSION = YES;
				CLANG_WARN_INT_CONVERSION = YES;
				CLANG_WARN_NON_LITERAL_NULL_CONVERSION = YES;
				CLANG_WARN_OBJC_IMPLICIT_RETAIN_SELF = YES;
				CLANG_WARN_OBJC_LITERAL_CONVERSION = YES;
				CLANG_WARN_OBJC_ROOT_CLASS = YES_ERROR;
				CLANG_WARN_QUOTED_INCLUDE_IN_FRAMEWORK_HEADER = YES;
				CLANG_WARN_RANGE_LOOP_ANALYSIS = YES;
				CLANG_WARN_STRICT_PROTOTYPES = YES;
				CLANG_WARN_SUSPICIOUS_MOVE = YES;
				CLANG_WARN_UNGUARDED_AVAILABILITY = YES_AGGRESSIVE;
				CLANG_WARN_UNREACHABLE_CODE = YES;
				CLANG_WARN__DUPLICATE_METHOD_MATCH = YES;
				COPY_PHASE_STRIP = NO;
				DEBUG_INFORMATION_FORMAT = dwarf;
				ENABLE_STRICT_OBJC_MSGSEND = YES;
				ENABLE_TESTABILITY = YES;
				ENABLE_USER_SCRIPT_SANDBOXING = YES;
				GCC_C_LANGUAGE_STANDARD = gnu17;
				GCC_DYNAMIC_NO_PIC = NO;
				GCC_NO_COMMON_BLOCKS = YES;
				GCC_OPTIMIZATION_LEVEL = 0;
				GCC_PREPROCESSOR_DEFINITIONS = (
					"DEBUG=1",
					"$(inherited)",
				);
				GCC_WARN_64_TO_32_BIT_CONVERSION = YES;
				GCC_WARN_ABOUT_RETURN_TYPE = YES_ERROR;
				GCC_WARN_UNDECLARED_SELECTOR = YES;
				GCC_WARN_UNINITIALIZED_AUTOS = YES_AGGRESSIVE;
				GCC_WARN_UNUSED_FUNCTION = YES;
				GCC_WARN_UNUSED_VARIABLE = YES;
				IPHONEOS_DEPLOYMENT_TARGET = 18.2;
				LOCALIZATION_PREFERS_STRING_CATALOGS = YES;
				MTL_ENABLE_DEBUG_INFO = INCLUDE_SOURCE;
				MTL_FAST_MATH = YES;
				ONLY_ACTIVE_ARCH = YES;
				SDKROOT = iphoneos;
				SWIFT_ACTIVE_COMPILATION_CONDITIONS = "DEBUG $(inherited)";
				SWIFT_OPTIMIZATION_LEVEL = "-Onone";
			};
			name = Debug;
		};
		E04B08382D7A699D0022E2DB /* Release */ = {
			isa = XCBuildConfiguration;
			buildSettings = {
				ALWAYS_SEARCH_USER_PATHS = NO;
				ASSETCATALOG_COMPILER_GENERATE_SWIFT_ASSET_SYMBOL_EXTENSIONS = YES;
				CLANG_ANALYZER_NONNULL = YES;
				CLANG_ANALYZER_NUMBER_OBJECT_CONVERSION = YES_AGGRESSIVE;
				CLANG_CXX_LANGUAGE_STANDARD = "gnu++20";
				CLANG_ENABLE_MODULES = YES;
				CLANG_ENABLE_OBJC_ARC = YES;
				CLANG_ENABLE_OBJC_WEAK = YES;
				CLANG_WARN_BLOCK_CAPTURE_AUTORELEASING = YES;
				CLANG_WARN_BOOL_CONVERSION = YES;
				CLANG_WARN_COMMA = YES;
				CLANG_WARN_CONSTANT_CONVERSION = YES;
				CLANG_WARN_DEPRECATED_OBJC_IMPLEMENTATIONS = YES;
				CLANG_WARN_DIRECT_OBJC_ISA_USAGE = YES_ERROR;
				CLANG_WARN_DOCUMENTATION_COMMENTS = YES;
				CLANG_WARN_EMPTY_BODY = YES;
				CLANG_WARN_ENUM_CONVERSION = YES;
				CLANG_WARN_INFINITE_RECURSION = YES;
				CLANG_WARN_INT_CONVERSION = YES;
				CLANG_WARN_NON_LITERAL_NULL_CONVERSION = YES;
				CLANG_WARN_OBJC_IMPLICIT_RETAIN_SELF = YES;
				CLANG_WARN_OBJC_LITERAL_CONVERSION = YES;
				CLANG_WARN_OBJC_ROOT_CLASS = YES_ERROR;
				CLANG_WARN_QUOTED_INCLUDE_IN_FRAMEWORK_HEADER = YES;
				CLANG_WARN_RANGE_LOOP_ANALYSIS = YES;
				CLANG_WARN_STRICT_PROTOTYPES = YES;
				CLANG_WARN_SUSPICIOUS_MOVE = YES;
				CLANG_WARN_UNGUARDED_AVAILABILITY = YES_AGGRESSIVE;
				CLANG_WARN_UNREACHABLE_CODE = YES;
				CLANG_WARN__DUPLICATE_METHOD_MATCH = YES;
				COPY_PHASE_STRIP = NO;
				DEBUG_INFORMATION_FORMAT = "dwarf-with-dsym";
				ENABLE_NS_ASSERTIONS = NO;
				ENABLE_STRICT_OBJC_MSGSEND = YES;
				ENABLE_USER_SCRIPT_SANDBOXING = YES;
				GCC_C_LANGUAGE_STANDARD = gnu17;
				GCC_NO_COMMON_BLOCKS = YES;
				GCC_WARN_64_TO_32_BIT_CONVERSION = YES;
				GCC_WARN_ABOUT_RETURN_TYPE = YES_ERROR;
				GCC_WARN_UNDECLARED_SELECTOR = YES;
				GCC_WARN_UNINITIALIZED_AUTOS = YES_AGGRESSIVE;
				GCC_WARN_UNUSED_FUNCTION = YES;
				GCC_WARN_UNUSED_VARIABLE = YES;
				IPHONEOS_DEPLOYMENT_TARGET = 18.2;
				LOCALIZATION_PREFERS_STRING_CATALOGS = YES;
				MTL_ENABLE_DEBUG_INFO = NO;
				MTL_FAST_MATH = YES;
				SDKROOT = iphoneos;
				SWIFT_COMPILATION_MODE = wholemodule;
				VALIDATE_PRODUCT = YES;
			};
			name = Release;
		};
		E04B083A2D7A699D0022E2DB /* Debug */ = {
			isa = XCBuildConfiguration;
			buildSettings = {
				ASSETCATALOG_COMPILER_APPICON_NAME = AppIcon;
				ASSETCATALOG_COMPILER_GLOBAL_ACCENT_COLOR_NAME = AccentColor;
				CODE_SIGN_ENTITLEMENTS = AAVEBible.entitlements;
				CODE_SIGN_IDENTITY = "Apple Development";
				CODE_SIGN_STYLE = Automatic;
				CURRENT_PROJECT_VERSION = 1;
				DEVELOPMENT_ASSET_PATHS = "\"AAVE Bible Concordance/Preview Content\"";
				DEVELOPMENT_TEAM = 7ER7B4U7Y5;
				ENABLE_PREVIEWS = YES;
				GENERATE_INFOPLIST_FILE = YES;
				INFOPLIST_FILE = "AAVE Bible Concordance/Info.plist";
				INFOPLIST_KEY_LSApplicationCategoryType = "public.app-category.reference";
				INFOPLIST_KEY_NSPhotoLibraryAddUsageDescription = "This app requires permission to save verse images to your photo library.";
				INFOPLIST_KEY_NSPhotoLibraryUsageDescription = "This app requires access to your photo library to select background images for verse images.";
				INFOPLIST_KEY_UIApplicationSupportsIndirectInputEvents = YES;
				INFOPLIST_KEY_UILaunchStoryboardName = LaunchScreen;
				INFOPLIST_KEY_UIRequiredDeviceCapabilities = armv7;
				INFOPLIST_KEY_UISupportedInterfaceOrientations = "UIInterfaceOrientationPortrait UIInterfaceOrientationLandscapeLeft UIInterfaceOrientationLandscapeRight";
				INFOPLIST_KEY_UISupportedInterfaceOrientations_iPad = "UIInterfaceOrientationPortrait UIInterfaceOrientationPortraitUpsideDown UIInterfaceOrientationLandscapeLeft UIInterfaceOrientationLandscapeRight";
				INFOPLIST_KEY_UISupportedInterfaceOrientations_iPhone = "UIInterfaceOrientationPortrait UIInterfaceOrientationLandscapeLeft UIInterfaceOrientationLandscapeRight";
				LD_RUNPATH_SEARCH_PATHS = (
					"$(inherited)",
					"@executable_path/Frameworks",
				);
				MARKETING_VERSION = 1.3;
				PRODUCT_BUNDLE_IDENTIFIER = "com.phishoapps.concordance.AAVE-Bible-Concordance";
				PRODUCT_NAME = "$(TARGET_NAME)";
				PROVISIONING_PROFILE_SPECIFIER = "";
				SWIFT_EMIT_LOC_STRINGS = YES;
				SWIFT_VERSION = 5.0;
				TARGETED_DEVICE_FAMILY = "1,2";
			};
			name = Debug;
		};
		E04B083B2D7A699D0022E2DB /* Release */ = {
			isa = XCBuildConfiguration;
			buildSettings = {
				ASSETCATALOG_COMPILER_APPICON_NAME = AppIcon;
				ASSETCATALOG_COMPILER_GLOBAL_ACCENT_COLOR_NAME = AccentColor;
				CODE_SIGN_ENTITLEMENTS = AAVEBible.entitlements;
				CODE_SIGN_IDENTITY = "Apple Development";
				CODE_SIGN_STYLE = Automatic;
				CURRENT_PROJECT_VERSION = 1;
				DEVELOPMENT_ASSET_PATHS = "\"AAVE Bible Concordance/Preview Content\"";
				DEVELOPMENT_TEAM = 7ER7B4U7Y5;
				ENABLE_PREVIEWS = YES;
				GENERATE_INFOPLIST_FILE = YES;
				INFOPLIST_FILE = "AAVE Bible Concordance/Info.plist";
				INFOPLIST_KEY_LSApplicationCategoryType = "public.app-category.reference";
				INFOPLIST_KEY_NSPhotoLibraryAddUsageDescription = "This app requires permission to save verse images to your photo library.";
				INFOPLIST_KEY_NSPhotoLibraryUsageDescription = "This app requires access to your photo library to select background images for verse images.";
				INFOPLIST_KEY_UIApplicationSupportsIndirectInputEvents = YES;
				INFOPLIST_KEY_UILaunchStoryboardName = LaunchScreen;
				INFOPLIST_KEY_UIRequiredDeviceCapabilities = armv7;
				INFOPLIST_KEY_UISupportedInterfaceOrientations = "UIInterfaceOrientationPortrait UIInterfaceOrientationLandscapeLeft UIInterfaceOrientationLandscapeRight";
				INFOPLIST_KEY_UISupportedInterfaceOrientations_iPad = "UIInterfaceOrientationPortrait UIInterfaceOrientationPortraitUpsideDown UIInterfaceOrientationLandscapeLeft UIInterfaceOrientationLandscapeRight";
				INFOPLIST_KEY_UISupportedInterfaceOrientations_iPhone = "UIInterfaceOrientationPortrait UIInterfaceOrientationLandscapeLeft UIInterfaceOrientationLandscapeRight";
				LD_RUNPATH_SEARCH_PATHS = (
					"$(inherited)",
					"@executable_path/Frameworks",
				);
				MARKETING_VERSION = 1.3;
				PRODUCT_BUNDLE_IDENTIFIER = "com.phishoapps.concordance.AAVE-Bible-Concordance";
				PRODUCT_NAME = "$(TARGET_NAME)";
				PROVISIONING_PROFILE_SPECIFIER = "";
				SWIFT_EMIT_LOC_STRINGS = YES;
				SWIFT_VERSION = 5.0;
				TARGETED_DEVICE_FAMILY = "1,2";
			};
			name = Release;
		};
		E0FAC53A2F202B2000A190AA /* Debug */ = {
			isa = XCBuildConfiguration;
			buildSettings = {
				ASSETCATALOG_COMPILER_GLOBAL_ACCENT_COLOR_NAME = AccentColor;
				ASSETCATALOG_COMPILER_WIDGET_BACKGROUND_COLOR_NAME = WidgetBackground;
				CODE_SIGN_IDENTITY = "Apple Development";
				CODE_SIGN_STYLE = Automatic;
				CURRENT_PROJECT_VERSION = 1;
				DEVELOPMENT_TEAM = 7ER7B4U7Y5;
				GENERATE_INFOPLIST_FILE = YES;
				INFOPLIST_FILE = AAVEBibleLiveActivities/Info.plist;
				INFOPLIST_KEY_CFBundleDisplayName = AAVEBibleLiveActivities;
				INFOPLIST_KEY_NSHumanReadableCopyright = "";
				IPHONEOS_DEPLOYMENT_TARGET = 18.2;
				LD_RUNPATH_SEARCH_PATHS = (
					"$(inherited)",
					"@executable_path/Frameworks",
					"@executable_path/../../Frameworks",
				);
				MARKETING_VERSION = 1.3;
				PRODUCT_BUNDLE_IDENTIFIER = "com.phishoapps.concordance.AAVE-Bible-Concordance.AAVEBibleLiveActivities";
				PRODUCT_NAME = "$(TARGET_NAME)";
				SKIP_INSTALL = YES;
				STRING_CATALOG_GENERATE_SYMBOLS = YES;
				SWIFT_APPROACHABLE_CONCURRENCY = YES;
				SWIFT_EMIT_LOC_STRINGS = YES;
				SWIFT_UPCOMING_FEATURE_MEMBER_IMPORT_VISIBILITY = YES;
				SWIFT_VERSION = 5.0;
				TARGETED_DEVICE_FAMILY = "1,2";
			};
			name = Debug;
		};
		E0FAC53B2F202B2000A190AA /* Release */ = {
			isa = XCBuildConfiguration;
			buildSettings = {
				ASSETCATALOG_COMPILER_GLOBAL_ACCENT_COLOR_NAME = AccentColor;
				ASSETCATALOG_COMPILER_WIDGET_BACKGROUND_COLOR_NAME = WidgetBackground;
				CODE_SIGN_IDENTITY = "Apple Development";
				CODE_SIGN_STYLE = Automatic;
				CURRENT_PROJECT_VERSION = 1;
				DEVELOPMENT_TEAM = 7ER7B4U7Y5;
				GENERATE_INFOPLIST_FILE = YES;
				INFOPLIST_FILE = AAVEBibleLiveActivities/Info.plist;
				INFOPLIST_KEY_CFBundleDisplayName = AAVEBibleLiveActivities;
				INFOPLIST_KEY_NSHumanReadableCopyright = "";
				IPHONEOS_DEPLOYMENT_TARGET = 18.2;
				LD_RUNPATH_SEARCH_PATHS = (
					"$(inherited)",
					"@executable_path/Frameworks",
					"@executable_path/../../Frameworks",
				);
				MARKETING_VERSION = 1.3;
				PRODUCT_BUNDLE_IDENTIFIER = "com.phishoapps.concordance.AAVE-Bible-Concordance.AAVEBibleLiveActivities";
				PRODUCT_NAME = "$(TARGET_NAME)";
				SKIP_INSTALL = YES;
				STRING_CATALOG_GENERATE_SYMBOLS = YES;
				SWIFT_APPROACHABLE_CONCURRENCY = YES;
				SWIFT_EMIT_LOC_STRINGS = YES;
				SWIFT_UPCOMING_FEATURE_MEMBER_IMPORT_VISIBILITY = YES;
				SWIFT_VERSION = 5.0;
				TARGETED_DEVICE_FAMILY = "1,2";
			};
			name = Release;
		};
/* End XCBuildConfiguration section */

/* Begin XCConfigurationList section */
		E0054FD42D7CC38400A26A71 /* Build configuration list for PBXNativeTarget "AAVE Bible ConcordanceTests" */ = {
			isa = XCConfigurationList;
			buildConfigurations = (
				E0054FD52D7CC38400A26A71 /* Debug */,
				E0054FD62D7CC38400A26A71 /* Release */,
			);
			defaultConfigurationIsVisible = 0;
			defaultConfigurationName = Release;
		};
		E03F55D42EB9236300423842 /* Build configuration list for PBXNativeTarget "AAVE FS Demo" */ = {
			isa = XCConfigurationList;
			buildConfigurations = (
				E03F55D22EB9236300423842 /* Debug */,
				E03F55D32EB9236300423842 /* Release */,
			);
			defaultConfigurationIsVisible = 0;
			defaultConfigurationName = Release;
		};
		E04B08262D7A69990022E2DB /* Build configuration list for PBXProject "AAVE Bible Concordance" */ = {
			isa = XCConfigurationList;
			buildConfigurations = (
				E04B08372D7A699D0022E2DB /* Debug */,
				E04B08382D7A699D0022E2DB /* Release */,
			);
			defaultConfigurationIsVisible = 0;
			defaultConfigurationName = Release;
		};
		E04B08392D7A699D0022E2DB /* Build configuration list for PBXNativeTarget "AAVE Bible Concordance" */ = {
			isa = XCConfigurationList;
			buildConfigurations = (
				E04B083A2D7A699D0022E2DB /* Debug */,
				E04B083B2D7A699D0022E2DB /* Release */,
			);
			defaultConfigurationIsVisible = 0;
			defaultConfigurationName = Release;
		};
		E0FAC53C2F202B2000A190AA /* Build configuration list for PBXNativeTarget "AAVEBibleLiveActivitiesExtension" */ = {
			isa = XCConfigurationList;
			buildConfigurations = (
				E0FAC53A2F202B2000A190AA /* Debug */,
				E0FAC53B2F202B2000A190AA /* Release */,
			);
			defaultConfigurationIsVisible = 0;
			defaultConfigurationName = Release;
		};
/* End XCConfigurationList section */

/* Begin XCRemoteSwiftPackageReference section */
		E03F55DD2EB9238D00423842 /* XCRemoteSwiftPackageReference "fullstory-swift-package-ios" */ = {
			isa = XCRemoteSwiftPackageReference;
			repositoryURL = "https://github.com/fullstorydev/fullstory-swift-package-ios";
			requirement = {
				kind = upToNextMajorVersion;
				minimumVersion = 1.65.0;
			};
		};
		E077B9662DB9F32B0072C19F /* XCRemoteSwiftPackageReference "firebase-ios-sdk" */ = {
			isa = XCRemoteSwiftPackageReference;
			repositoryURL = "https://github.com/firebase/firebase-ios-sdk";
			requirement = {
				kind = upToNextMajorVersion;
				minimumVersion = 11.12.0;
			};
		};
/* End XCRemoteSwiftPackageReference section */

/* Begin XCSwiftPackageProductDependency section */
		E03F55DE2EB9239F00423842 /* FullStory */ = {
			isa = XCSwiftPackageProductDependency;
			package = E03F55DD2EB9238D00423842 /* XCRemoteSwiftPackageReference "fullstory-swift-package-ios" */;
			productName = FullStory;
		};
		E077B9672DB9F32B0072C19F /* FirebaseAnalytics */ = {
			isa = XCSwiftPackageProductDependency;
			package = E077B9662DB9F32B0072C19F /* XCRemoteSwiftPackageReference "firebase-ios-sdk" */;
			productName = FirebaseAnalytics;
		};
		E077B96E2DB9F8F40072C19F /* FirebaseAuth */ = {
			isa = XCSwiftPackageProductDependency;
			package = E077B9662DB9F32B0072C19F /* XCRemoteSwiftPackageReference "firebase-ios-sdk" */;
			productName = FirebaseAuth;
		};
		E077B9702DB9F9210072C19F /* FirebaseFirestore */ = {
			isa = XCSwiftPackageProductDependency;
			package = E077B9662DB9F32B0072C19F /* XCRemoteSwiftPackageReference "firebase-ios-sdk" */;
			productName = FirebaseFirestore;
		};
		E077B9722DB9F9520072C19F /* FirebaseCore */ = {
			isa = XCSwiftPackageProductDependency;
			package = E077B9662DB9F32B0072C19F /* XCRemoteSwiftPackageReference "firebase-ios-sdk" */;
			productName = FirebaseCore;
		};
		E077B9852DC288210072C19F /* FirebaseMessaging */ = {
			isa = XCSwiftPackageProductDependency;
			package = E077B9662DB9F32B0072C19F /* XCRemoteSwiftPackageReference "firebase-ios-sdk" */;
			productName = FirebaseMessaging;
		};
/* End XCSwiftPackageProductDependency section */
	};
	rootObject = E04B08232D7A69990022E2DB /* Project object */;
}
